PODS:
  - Alamofire (4.2.0)
  - ChameleonFramework/Default (2.1.0)
  - ChameleonFramework/Swift (2.1.0):
    - ChameleonFramework/Default
  - CMPopTipView (2.3.0)
  - FirebaseAnalytics (3.6.0):
    - FirebaseCore (~> 3.4)
    - FirebaseInstanceID (~> 1.0)
    - GoogleInterchangeUtilities (~> 1.2)
    - GoogleSymbolUtilities (~> 1.1)
    - GoogleToolboxForMac/NSData+zlib (~> 2.1)
  - FirebaseCore (3.4.6):
    - GoogleInterchangeUtilities (~> 1.2)
    - GoogleToolboxForMac/NSData+zlib (~> 2.1)
  - FirebaseInstanceID (1.0.8)
  - Google/Core (3.0.3):
    - FirebaseAnalytics (~> 3.2)
  - Google/SignIn (3.0.3):
    - Google/Core
    - GoogleSignIn (~> 4.0)
  - GoogleAppUtilities (1.1.2):
    - GoogleSymbolUtilities (~> 1.1)
  - GoogleInterchangeUtilities (1.2.2):
    - GoogleSymbolUtilities (~> 1.1)
  - GoogleSignIn (4.0.1):
    - GoogleAppUtilities (~> 1.1)
    - GoogleToolboxForMac/NSDictionary+URLArguments (~> 2.1)
    - GTMOAuth2 (~> 1.0)
    - GTMSessionFetcher/Core (~> 1.1)
  - GoogleSymbolUtilities (1.1.2)
  - GoogleToolboxForMac/DebugUtils (2.1.0):
    - GoogleToolboxForMac/Defines (= 2.1.0)
  - GoogleToolboxForMac/Defines (2.1.0)
  - GoogleToolboxForMac/NSData+zlib (2.1.0):
    - GoogleToolboxForMac/Defines (= 2.1.0)
  - GoogleToolboxForMac/NSDictionary+URLArguments (2.1.0):
    - GoogleToolboxForMac/DebugUtils (= 2.1.0)
    - GoogleToolboxForMac/Defines (= 2.1.0)
    - GoogleToolboxForMac/NSString+URLArguments (= 2.1.0)
  - GoogleToolboxForMac/NSString+URLArguments (2.1.0)
  - GTMOAuth2 (1.1.4):
    - GTMSessionFetcher (~> 1.1)
  - GTMSessionFetcher (1.1.7):
    - GTMSessionFetcher/Full (= 1.1.7)
  - GTMSessionFetcher/Core (1.1.7)
  - GTMSessionFetcher/Full (1.1.7):
    - GTMSessionFetcher/Core (= 1.1.7)
  - HockeySDK (4.1.3):
    - HockeySDK/DefaultLib (= 4.1.3)
  - HockeySDK/DefaultLib (4.1.3)
  - KLCPopup (1.0)
  - QorumLogs (0.9)
  - Reachability (3.2)
  - Realm (2.2.0):
    - Realm/Headers (= 2.2.0)
  - Realm/Headers (2.2.0)
  - RealmSwift (2.2.0):
    - Realm (= 2.2.0)
  - Starscream (2.0.2)
  - SwiftCharts (0.5.1)
  - SwiftValidator (4.0.0)
  - SwipeView (1.3.2)
  - Valet (2.2.3)

DEPENDENCIES:
  - Alamofire (~> 4.0)
  - ChameleonFramework/Swift (from `https://github.com/ViccAlexander/Chameleon.git`)
  - CMPopTipView (~> 2.0)
  - Google/SignIn
  - HockeySDK
  - KLCPopup (~> 1.0)
  - QorumLogs
  - Reachability (~> 3.2)
  - RealmSwift (~> 2.2)
  - Starscream
  - SwiftCharts (from `https://github.com/i-schuetz/SwiftCharts.git`)
  - SwiftValidator (from `https://github.com/i-schuetz/SwiftValidator.git`, branch `remove_delegate_callback`)
  - SwipeView (~> 1.3.2)
  - Valet

EXTERNAL SOURCES:
  ChameleonFramework:
    :git: https://github.com/ViccAlexander/Chameleon.git
  SwiftCharts:
    :git: https://github.com/i-schuetz/SwiftCharts.git
  SwiftValidator:
    :branch: remove_delegate_callback
    :git: https://github.com/i-schuetz/SwiftValidator.git

CHECKOUT OPTIONS:
  ChameleonFramework:
    :commit: dcf98f9bf3a632a7f40679b7da46f09681e48526
    :git: https://github.com/ViccAlexander/Chameleon.git
  SwiftCharts:
    :commit: 573432e377b00557759b36469d7203b34634ec92
    :git: https://github.com/i-schuetz/SwiftCharts.git
  SwiftValidator:
    :commit: 159ba2ede3dbf2b8772ed0fbdf0124329f296308
    :git: https://github.com/i-schuetz/SwiftValidator.git

SPEC CHECKSUMS:
  Alamofire: aa2e09d871c9160ac53c90e83c68064a94e3dfbe
  ChameleonFramework: d21a3cc247abfe5e37609a283a8238b03575cf64
  CMPopTipView: 774e0230b5c73abb3c39051da6d8a383373c4f7f
  FirebaseAnalytics: 9c67af0ebeb8d2146c9b4ea2616439affa947b58
  FirebaseCore: 03da1cb32615569bbc2830a22f9ad753d9a02ef5
  FirebaseInstanceID: ba1e640935235e5fac39dfa816fe7660e72e1a8a
  Google: 813c467362eabc11385f5a5cc9ad0cb651a58f4e
  GoogleAppUtilities: a8a552aa74f6597f805e45b5a3962766c3134973
  GoogleInterchangeUtilities: d5bc4d88d5b661ab72f9d70c58d02ca8c27ad1f7
  GoogleSignIn: a8694c0a8e6d1b0ec77c58014de5bfd4ba2fa766
  GoogleSymbolUtilities: 631ee17048aa5e9ab133470d768ea997a5ef9b96
  GoogleToolboxForMac: 2b2596cbb7186865e98cadf2b1e262d851c2b168
  GTMOAuth2: 7fc9c10f5c745f4d9850419ea88889fe3baa6b7d
  GTMSessionFetcher: a1f8ed39e4fe21c68957daed472c7afbcdf29166
  HockeySDK: 7dd8d7f5a4d71b7a5eebb320c8515cb22e99221b
  KLCPopup: 76c5a19227977f1e53d85236f9ef42257c168d98
  QorumLogs: 9a484df6973a3697ac79fe2273140fde6b36dccc
  Reachability: 33e18b67625424e47b6cde6d202dce689ad7af96
  Realm: d95b8fb34c83f1e764b66d319277a62c2b6e4bf5
  RealmSwift: a4fa52d06e946a32ec746b3388374f742e6b8731
  Starscream: 6c135a34e0a6e60cedaa0b30db67a4c05cf7cd38
  SwiftCharts: 5c711f225e65bb967bf9ac952888670d461b80af
  SwiftValidator: 25ded5ca1f10c05adf57f6ac82a72d28ac8d91af
  SwipeView: bd67cfaf7760c036438446b3ccb28a3b84fce009
  Valet: c78c7d2e4b2d104d29b9bc62c8f9aa38fbc901eb

PODFILE CHECKSUM: 7e7f5e1c5e903dc6527a64eba44d5dc799fcd0eb

COCOAPODS: 1.1.1
