PODS:
  - Alamofire (2.0.0-beta.1)
  - Nimble (2.0.0-rc.2)
  - Realm (0.94.1):
    - Realm/Headers (= 0.94.1)
  - Realm/Headers (0.94.1)
  - RealmSwift (0.94.1):
    - Realm (= 0.94.1)
  - SwiftCharts (0.2.3)
  - SwiftValidator (2.1.1)
  - Valet (1.3.1)

DEPENDENCIES:
  - Alamofire (from `https://github.com/Alamofire/Alamofire.git`, branch `swift-2.0`)
  - Nimble (from `https://github.com/Quick/Nimble.git`, branch `swift-2.0`)
  - Realm (from `https://github.com/realm/realm-cocoa.git`, branch `swift-2.0`)
  - RealmSwift (from `https://github.com/realm/realm-cocoa.git`, branch `swift-2.0`)
  - SwiftCharts (from `https://github.com/i-schuetz/SwiftCharts.git`, branch `swift2.0`)
  - SwiftValidator (from `https://github.com/i-schuetz/SwiftValidator`, branch `swift2.0_remove_delegate_callback`)
  - Valet (~> 1.3)

EXTERNAL SOURCES:
  Alamofire:
    :branch: swift-2.0
    :git: https://github.com/Alamofire/Alamofire.git
  Nimble:
    :branch: swift-2.0
    :git: https://github.com/Quick/Nimble.git
  Realm:
    :branch: swift-2.0
    :git: https://github.com/realm/realm-cocoa.git
  RealmSwift:
    :branch: swift-2.0
    :git: https://github.com/realm/realm-cocoa.git
  SwiftCharts:
    :branch: swift2.0
    :git: https://github.com/i-schuetz/SwiftCharts.git
  SwiftValidator:
    :branch: swift2.0_remove_delegate_callback
    :git: https://github.com/i-schuetz/SwiftValidator

CHECKOUT OPTIONS:
  Alamofire:
    :commit: 97531ad0137a335653c83bb911bae33c67621f1e
    :git: https://github.com/Alamofire/Alamofire.git
  Nimble:
    :commit: dbfc4ebd53395361c14eb2c9b13f629fc541bba2
    :git: https://github.com/Quick/Nimble.git
  Realm:
    :commit: 2e76fca59d9dfe0edf00cbc01f2cef85033426eb
    :git: https://github.com/realm/realm-cocoa.git
  RealmSwift:
    :commit: 2e76fca59d9dfe0edf00cbc01f2cef85033426eb
    :git: https://github.com/realm/realm-cocoa.git
  SwiftCharts:
    :commit: f148020cd920e2658b8cc262639a3e0a806f0350
    :git: https://github.com/i-schuetz/SwiftCharts.git
  SwiftValidator:
    :commit: 26f32a22fd92575bd10a9e3ff53584a416e1a5a8
    :git: https://github.com/i-schuetz/SwiftValidator

SPEC CHECKSUMS:
  Alamofire: 96feccc1e48a735edb92395cf023ba4ed52bdb45
  Nimble: e3cf5e73a491daf21c2bc88783dbfc55ce8b8e02
  Realm: aa8ba4c47efeecd83b2fb1c882e5f33e8c5676ca
  RealmSwift: 1cfcf6f9bd4de8674797d000de346d9588ca2028
  SwiftCharts: 3d52cb36901eff466375e601c2074102120007d5
  SwiftValidator: 79936ea870f1dba8a0824763375375bb209fe30d
  Valet: f7fb62b7b65db58eaceee7828cf8e464b1b8fb71

COCOAPODS: 0.38.2
