PODS:
  - Alamofire (2.0.0-beta.1)
  - CMPopTipView (2.2.0)
  - Google/Core (1.0.7):
    - GoogleNetworkingUtilities (~> 1.0)
    - GoogleSymbolUtilities (~> 1.0)
    - GoogleUtilities (~> 1.0)
  - Google/SignIn (1.0.7):
    - Google/Core
    - GoogleSignIn (~> 2.0)
  - GoogleAppUtilities (1.0.0):
    - GoogleSymbolUtilities (~> 1.0)
  - GoogleAuthUtilities (1.0.1):
    - GoogleNetworkingUtilities (~> 1.0)
    - GoogleSymbolUtilities (~> 1.0)
  - GoogleNetworkingUtilities (1.0.0):
    - GoogleSymbolUtilities (~> 1.0)
  - GoogleSignIn (2.2.0):
    - GoogleAppUtilities (~> 1)
    - GoogleAuthUtilities (~> 1)
    - GoogleNetworkingUtilities (~> 1)
    - GoogleUtilities (~> 1)
  - GoogleSymbolUtilities (1.0.0)
  - GoogleUtilities (1.0.1):
    - GoogleSymbolUtilities (~> 1.0)
  - KLCPopup (1.0)
  - Nimble (2.0.0-rc.2)
  - Reachability (3.2)
  - Realm (0.94.1):
    - Realm/Headers (= 0.94.1)
  - Realm/Headers (0.94.1)
  - RealmSwift (0.94.1):
    - Realm (= 0.94.1)
  - SwiftCharts (0.2.3)
  - SwiftValidator (2.1.1)
  - SwipeView (1.3.2)
  - Valet (1.3.1)

DEPENDENCIES:
  - Alamofire (from `https://github.com/Alamofire/Alamofire.git`, branch `swift-2.0`)
  - CMPopTipView (~> 2.0)
  - Google/SignIn
  - KLCPopup (~> 1.0)
  - Nimble (from `https://github.com/Quick/Nimble.git`, branch `swift-2.0`)
  - Reachability (~> 3.2)
  - Realm (from `https://github.com/realm/realm-cocoa.git`, branch `swift-2.0`)
  - RealmSwift (from `https://github.com/realm/realm-cocoa.git`, branch `swift-2.0`)
  - SwiftCharts (from `https://github.com/i-schuetz/SwiftCharts.git`, commit `f148020cd920e2658b8cc262639a3e0a806f0350`,
    branch `swift2.0`)
  - SwiftValidator (from `https://github.com/i-schuetz/SwiftValidator`, branch `swift2.0_remove_delegate_callback`)
  - SwipeView (~> 1.3.2)
  - Valet (~> 1.3)

EXTERNAL SOURCES:
  Alamofire:
    :branch: swift-2.0
    :git: https://github.com/Alamofire/Alamofire.git
  Nimble:
    :branch: swift-2.0
    :git: https://github.com/Quick/Nimble.git
  Realm:
    :branch: swift-2.0
    :git: https://github.com/realm/realm-cocoa.git
  RealmSwift:
    :branch: swift-2.0
    :git: https://github.com/realm/realm-cocoa.git
  SwiftCharts:
    :branch: swift2.0
    :commit: f148020cd920e2658b8cc262639a3e0a806f0350
    :git: https://github.com/i-schuetz/SwiftCharts.git
  SwiftValidator:
    :branch: swift2.0_remove_delegate_callback
    :git: https://github.com/i-schuetz/SwiftValidator

CHECKOUT OPTIONS:
  Alamofire:
    :commit: 97531ad0137a335653c83bb911bae33c67621f1e
    :git: https://github.com/Alamofire/Alamofire.git
  Nimble:
    :commit: dbfc4ebd53395361c14eb2c9b13f629fc541bba2
    :git: https://github.com/Quick/Nimble.git
  Realm:
    :commit: 2e76fca59d9dfe0edf00cbc01f2cef85033426eb
    :git: https://github.com/realm/realm-cocoa.git
  RealmSwift:
    :commit: 2e76fca59d9dfe0edf00cbc01f2cef85033426eb
    :git: https://github.com/realm/realm-cocoa.git
  SwiftCharts:
    :branch: swift2.0
    :commit: f148020cd920e2658b8cc262639a3e0a806f0350
    :git: https://github.com/i-schuetz/SwiftCharts.git
  SwiftValidator:
    :commit: 26f32a22fd92575bd10a9e3ff53584a416e1a5a8
    :git: https://github.com/i-schuetz/SwiftValidator

SPEC CHECKSUMS:
  Alamofire: 96feccc1e48a735edb92395cf023ba4ed52bdb45
  CMPopTipView: a0a88404b9f46a5cfc16ce54bdb1b9bf9acb9aff
  Google: 875f5a8ade86dd02e36586e4a54814843938c7f6
  GoogleAppUtilities: c01c6a5671e9da8b9d690fdaec5959d6c2aac699
  GoogleAuthUtilities: 049ffd3a297cdffd271451b82fd4e75304f15ef3
  GoogleNetworkingUtilities: 292992ab31b7b4ba32809a0e8b40e324cdfb2c0c
  GoogleSignIn: c45d8d1a873784a3283b4f47f331dc06d8a727b6
  GoogleSymbolUtilities: a7b0feed1fe667c8d5e647177938d0ecd62d6948
  GoogleUtilities: e3475cd4d45134221d2f3f3626095a1c49b62041
  KLCPopup: 76c5a19227977f1e53d85236f9ef42257c168d98
  Nimble: e3cf5e73a491daf21c2bc88783dbfc55ce8b8e02
  Reachability: 33e18b67625424e47b6cde6d202dce689ad7af96
  Realm: aa8ba4c47efeecd83b2fb1c882e5f33e8c5676ca
  RealmSwift: 1cfcf6f9bd4de8674797d000de346d9588ca2028
  SwiftCharts: 3d52cb36901eff466375e601c2074102120007d5
  SwiftValidator: 79936ea870f1dba8a0824763375375bb209fe30d
  SwipeView: bd67cfaf7760c036438446b3ccb28a3b84fce009
  Valet: f7fb62b7b65db58eaceee7828cf8e464b1b8fb71

COCOAPODS: 0.38.2
