// !$*UTF8*$!
{
	archiveVersion = 1;
	classes = {
	};
	objectVersion = 46;
	objects = {

/* Begin PBXBuildFile section */
		8FC87A4A718943E18BF37A57 /* libPods.a in Frameworks */ = {isa = PBXBuildFile; fileRef = CFD3968762A24D00B2ED9ADE /* libPods.a */; };
		EB1DDEAB1A3334EC00D778DE /* AppDelegate.swift in Sources */ = {isa = PBXBuildFile; fileRef = EB1DDEAA1A3334EC00D778DE /* AppDelegate.swift */; };
		EB1DDEAE1A3334EC00D778DE /* shoppin.xcdatamodeld in Sources */ = {isa = PBXBuildFile; fileRef = EB1DDEAC1A3334EC00D778DE /* shoppin.xcdatamodeld */; };
		EB1DDEB01A3334EC00D778DE /* ViewController.swift in Sources */ = {isa = PBXBuildFile; fileRef = EB1DDEAF1A3334EC00D778DE /* ViewController.swift */; };
		EB1DDEB31A3334EC00D778DE /* Main.storyboard in Resources */ = {isa = PBXBuildFile; fileRef = EB1DDEB11A3334EC00D778DE /* Main.storyboard */; };
		EB1DDEB51A3334EC00D778DE /* Images.xcassets in Resources */ = {isa = PBXBuildFile; fileRef = EB1DDEB41A3334EC00D778DE /* Images.xcassets */; };
		EB1DDEB81A3334EC00D778DE /* LaunchScreen.xib in Resources */ = {isa = PBXBuildFile; fileRef = EB1DDEB61A3334EC00D778DE /* LaunchScreen.xib */; };
		EB20FBF21A5961360058103B /* CartMenuView.swift in Sources */ = {isa = PBXBuildFile; fileRef = EB20FBF11A5961360058103B /* CartMenuView.swift */; };
		EB20FBF61A59701C0058103B /* CDInventoryItem.swift in Sources */ = {isa = PBXBuildFile; fileRef = EB20FBF51A59701C0058103B /* CDInventoryItem.swift */; };
		EB20FBF81A5971170058103B /* InventoryItem.swift in Sources */ = {isa = PBXBuildFile; fileRef = EB20FBF71A5971170058103B /* InventoryItem.swift */; };
		EB20FBFA1A5971C20058103B /* InventoryItemMapper.swift in Sources */ = {isa = PBXBuildFile; fileRef = EB20FBF91A5971C20058103B /* InventoryItemMapper.swift */; };
		EB20FBFC1A5972A30058103B /* InventoryProvider.swift in Sources */ = {isa = PBXBuildFile; fileRef = EB20FBFB1A5972A30058103B /* InventoryProvider.swift */; };
		EB20FBFE1A5972C70058103B /* InventoryProviderImpl.swift in Sources */ = {isa = PBXBuildFile; fileRef = EB20FBFD1A5972C70058103B /* InventoryProviderImpl.swift */; };
		EB20FC001A5973330058103B /* CDInventoryProvider.swift in Sources */ = {isa = PBXBuildFile; fileRef = EB20FBFF1A5973330058103B /* CDInventoryProvider.swift */; };
		EB20FC051A599A500058103B /* InventoryViewController.swift in Sources */ = {isa = PBXBuildFile; fileRef = EB20FC041A599A500058103B /* InventoryViewController.swift */; };
		EB20FC071A599AE20058103B /* InventoryTableViewCell.swift in Sources */ = {isa = PBXBuildFile; fileRef = EB20FC061A599AE20058103B /* InventoryTableViewCell.swift */; };
		EB2743DB1A3E3ACE00593AB0 /* CDProduct.swift in Sources */ = {isa = PBXBuildFile; fileRef = EB2743DA1A3E3ACE00593AB0 /* CDProduct.swift */; };
		EB28C1161A5833A200E1C8BC /* NavigationTitleView.swift in Sources */ = {isa = PBXBuildFile; fileRef = EB28C1151A5833A200E1C8BC /* NavigationTitleView.swift */; };
		EB28C1181A58623E00E1C8BC /* PlainTableViewController.swift in Sources */ = {isa = PBXBuildFile; fileRef = EB28C1171A58623E00E1C8BC /* PlainTableViewController.swift */; };
		EB2F5D0C1A4AC39A00DBC4AF /* AutosuggestionsTableViewController.swift in Sources */ = {isa = PBXBuildFile; fileRef = EB2F5D0A1A4AC39A00DBC4AF /* AutosuggestionsTableViewController.swift */; };
		EB2F5D0D1A4AC39A00DBC4AF /* AutosuggestionsTableViewController.xib in Resources */ = {isa = PBXBuildFile; fileRef = EB2F5D0B1A4AC39A00DBC4AF /* AutosuggestionsTableViewController.xib */; };
		EB2F5D111A4ACC4400DBC4AF /* String.swift in Sources */ = {isa = PBXBuildFile; fileRef = EB2F5D101A4ACC4400DBC4AF /* String.swift */; };
		EB2F5D161A4B380900DBC4AF /* ContainerViewController.swift in Sources */ = {isa = PBXBuildFile; fileRef = EB2F5D151A4B380900DBC4AF /* ContainerViewController.swift */; };
		EB2F5D1D1A4B4CE300DBC4AF /* ListItemsTableViewController.swift in Sources */ = {isa = PBXBuildFile; fileRef = EB2F5D1C1A4B4CE300DBC4AF /* ListItemsTableViewController.swift */; };
		EB2F5D221A4C20E200DBC4AF /* UIViewController.swift in Sources */ = {isa = PBXBuildFile; fileRef = EB2F5D211A4C20E200DBC4AF /* UIViewController.swift */; };
		EB2F5D241A4C2B0600DBC4AF /* UIStoryboard.swift in Sources */ = {isa = PBXBuildFile; fileRef = EB2F5D231A4C2B0600DBC4AF /* UIStoryboard.swift */; };
		EB2F5D261A4DE56B00DBC4AF /* DoneViewController.swift in Sources */ = {isa = PBXBuildFile; fileRef = EB2F5D251A4DE56B00DBC4AF /* DoneViewController.swift */; };
		EB2F5D5A1A4F5C8100DBC4AF /* SwipeableCell.swift in Sources */ = {isa = PBXBuildFile; fileRef = EB2F5D591A4F5C8100DBC4AF /* SwipeableCell.swift */; };
		EB2F5D5C1A5058E900DBC4AF /* TableViewListItem.swift in Sources */ = {isa = PBXBuildFile; fileRef = EB2F5D5B1A5058E900DBC4AF /* TableViewListItem.swift */; };
		EB2F5D5E1A506F5100DBC4AF /* Array.swift in Sources */ = {isa = PBXBuildFile; fileRef = EB2F5D5D1A506F5100DBC4AF /* Array.swift */; };
		EB2F5D621A50B91200DBC4AF /* AddItemView.swift in Sources */ = {isa = PBXBuildFile; fileRef = EB2F5D611A50B91200DBC4AF /* AddItemView.swift */; };
		EB2F5D691A50C38B00DBC4AF /* FrozenEffect.swift in Sources */ = {isa = PBXBuildFile; fileRef = EB2F5D681A50C38B00DBC4AF /* FrozenEffect.swift */; };
		EB2F5D6D1A51C17200DBC4AF /* UIView.swift in Sources */ = {isa = PBXBuildFile; fileRef = EB2F5D6C1A51C17200DBC4AF /* UIView.swift */; };
		EB2F5D6F1A530FBC00DBC4AF /* Float.swift in Sources */ = {isa = PBXBuildFile; fileRef = EB2F5D6E1A530FBC00DBC4AF /* Float.swift */; };
		EB2F5D731A55754400DBC4AF /* PricesView.swift in Sources */ = {isa = PBXBuildFile; fileRef = EB2F5D721A55754400DBC4AF /* PricesView.swift */; };
		EB2F5D751A5579B200DBC4AF /* CDList.swift in Sources */ = {isa = PBXBuildFile; fileRef = EB2F5D741A5579B200DBC4AF /* CDList.swift */; };
		EB2F5D771A557AB000DBC4AF /* List.swift in Sources */ = {isa = PBXBuildFile; fileRef = EB2F5D761A557AB000DBC4AF /* List.swift */; };
		EB2F5D791A557E2C00DBC4AF /* ListMapper.swift in Sources */ = {isa = PBXBuildFile; fileRef = EB2F5D781A557E2C00DBC4AF /* ListMapper.swift */; };
		EB2F5D7B1A55816B00DBC4AF /* PreferencesManager.swift in Sources */ = {isa = PBXBuildFile; fileRef = EB2F5D7A1A55816B00DBC4AF /* PreferencesManager.swift */; };
		EB2F5D7F1A559C8800DBC4AF /* Constants.swift in Sources */ = {isa = PBXBuildFile; fileRef = EB2F5D7E1A559C8800DBC4AF /* Constants.swift */; };
		EB49F5EB1AC6CC0D00BBEDA2 /* CloudKit.framework in Frameworks */ = {isa = PBXBuildFile; fileRef = EB49F5EA1AC6CC0D00BBEDA2 /* CloudKit.framework */; };
		EB4FD44B1AC6B77C0000F952 /* Float.swift in Sources */ = {isa = PBXBuildFile; fileRef = EB2F5D6E1A530FBC00DBC4AF /* Float.swift */; };
		EB4FD44E1AC6BE390000F952 /* NSTableView.swift in Sources */ = {isa = PBXBuildFile; fileRef = EB4FD44D1AC6BE390000F952 /* NSTableView.swift */; };
		EB4FD4501AC6BE960000F952 /* Globals.swift in Sources */ = {isa = PBXBuildFile; fileRef = EB4FD44F1AC6BE960000F952 /* Globals.swift */; };
		EB4FD4511AC6BE960000F952 /* Globals.swift in Sources */ = {isa = PBXBuildFile; fileRef = EB4FD44F1AC6BE960000F952 /* Globals.swift */; };
		EB55675D1A86433700CD3EC6 /* Product.swift in Sources */ = {isa = PBXBuildFile; fileRef = EBF162EA1A3CA2470048E37C /* Product.swift */; };
		EB55675E1A86435B00CD3EC6 /* ListItemProvider.swift in Sources */ = {isa = PBXBuildFile; fileRef = EBF162F91A3CA54F0048E37C /* ListItemProvider.swift */; };
		EB55675F1A86437400CD3EC6 /* ListItemMapper.swift in Sources */ = {isa = PBXBuildFile; fileRef = EBF162FE1A3DDE730048E37C /* ListItemMapper.swift */; };
		EB5567601A86437800CD3EC6 /* ProductMapper.swift in Sources */ = {isa = PBXBuildFile; fileRef = EBF162FC1A3DDE5D0048E37C /* ProductMapper.swift */; };
		EB5567611A86437B00CD3EC6 /* SectionMapper.swift in Sources */ = {isa = PBXBuildFile; fileRef = EBEEDD6C1A49C9B100FC3B29 /* SectionMapper.swift */; };
		EB5567621A86437E00CD3EC6 /* ListMapper.swift in Sources */ = {isa = PBXBuildFile; fileRef = EB2F5D781A557E2C00DBC4AF /* ListMapper.swift */; };
		EB5567631A86438100CD3EC6 /* InventoryItemMapper.swift in Sources */ = {isa = PBXBuildFile; fileRef = EB20FBF91A5971C20058103B /* InventoryItemMapper.swift */; };
		EB5567641A86438600CD3EC6 /* CDProduct.swift in Sources */ = {isa = PBXBuildFile; fileRef = EB2743DA1A3E3ACE00593AB0 /* CDProduct.swift */; };
		EB5567651A86438A00CD3EC6 /* CDListItem.swift in Sources */ = {isa = PBXBuildFile; fileRef = EBF162CA1A34B1860048E37C /* CDListItem.swift */; };
		EB5567661A8643AB00CD3EC6 /* CDSection.swift in Sources */ = {isa = PBXBuildFile; fileRef = EBEEDD681A49C75400FC3B29 /* CDSection.swift */; };
		EB5567671A8643AF00CD3EC6 /* CDList.swift in Sources */ = {isa = PBXBuildFile; fileRef = EB2F5D741A5579B200DBC4AF /* CDList.swift */; };
		EB5567681A8643B200CD3EC6 /* CDInventoryItem.swift in Sources */ = {isa = PBXBuildFile; fileRef = EB20FBF51A59701C0058103B /* CDInventoryItem.swift */; };
		EB5567691A8643B800CD3EC6 /* ListItem.swift in Sources */ = {isa = PBXBuildFile; fileRef = EBF162EC1A3CA24E0048E37C /* ListItem.swift */; };
		EB55676A1A8643BC00CD3EC6 /* Section.swift in Sources */ = {isa = PBXBuildFile; fileRef = EBEEDD6A1A49C94F00FC3B29 /* Section.swift */; };
		EB55676B1A8643BF00CD3EC6 /* List.swift in Sources */ = {isa = PBXBuildFile; fileRef = EB2F5D761A557AB000DBC4AF /* List.swift */; };
		EB55676C1A8643C300CD3EC6 /* InventoryItem.swift in Sources */ = {isa = PBXBuildFile; fileRef = EB20FBF71A5971170058103B /* InventoryItem.swift */; };
		EB55676D1A8644D400CD3EC6 /* shoppin.xcdatamodeld in Sources */ = {isa = PBXBuildFile; fileRef = EB1DDEAC1A3334EC00D778DE /* shoppin.xcdatamodeld */; };
		EB5567711A864B6E00CD3EC6 /* ListItemProviderMock.swift in Sources */ = {isa = PBXBuildFile; fileRef = EBF162F61A3CA5030048E37C /* ListItemProviderMock.swift */; };
		EB5567751A864B8100CD3EC6 /* InventoryProvider.swift in Sources */ = {isa = PBXBuildFile; fileRef = EB20FBFB1A5972A30058103B /* InventoryProvider.swift */; };
		EB55677B1A86545300CD3EC6 /* SharedAppDelegate.m in Sources */ = {isa = PBXBuildFile; fileRef = EB55677A1A86545300CD3EC6 /* SharedAppDelegate.m */; };
		EB55677D1A86578400CD3EC6 /* SharedAppDelegate.m in Sources */ = {isa = PBXBuildFile; fileRef = EB55677A1A86545300CD3EC6 /* SharedAppDelegate.m */; };
		EB55677E1A8658A600CD3EC6 /* ListItemProviderImpl.swift in Sources */ = {isa = PBXBuildFile; fileRef = EBF162E81A3CA1F00048E37C /* ListItemProviderImpl.swift */; };
		EB55677F1A8658AA00CD3EC6 /* InventoryProviderImpl.swift in Sources */ = {isa = PBXBuildFile; fileRef = EB20FBFD1A5972C70058103B /* InventoryProviderImpl.swift */; };
		EB5567801A8658B000CD3EC6 /* CDProvider.swift in Sources */ = {isa = PBXBuildFile; fileRef = EBF162F11A3CA3BB0048E37C /* CDProvider.swift */; };
		EB5567811A8658B400CD3EC6 /* CDListItemProvider.swift in Sources */ = {isa = PBXBuildFile; fileRef = EBF162EF1A3CA3530048E37C /* CDListItemProvider.swift */; };
		EB5567821A8658B700CD3EC6 /* CDInventoryProvider.swift in Sources */ = {isa = PBXBuildFile; fileRef = EB20FBFF1A5973330058103B /* CDInventoryProvider.swift */; };
		EB5567831A8658BD00CD3EC6 /* ProviderFactory.swift in Sources */ = {isa = PBXBuildFile; fileRef = EBF162F41A3CA4BA0048E37C /* ProviderFactory.swift */; };
		EB9F6CE71A8610550038355B /* AppDelegate.swift in Sources */ = {isa = PBXBuildFile; fileRef = EB9F6CE61A8610550038355B /* AppDelegate.swift */; };
		EB9F6CE91A8610550038355B /* ViewController.swift in Sources */ = {isa = PBXBuildFile; fileRef = EB9F6CE81A8610550038355B /* ViewController.swift */; };
		EB9F6CEB1A8610550038355B /* Images.xcassets in Resources */ = {isa = PBXBuildFile; fileRef = EB9F6CEA1A8610550038355B /* Images.xcassets */; };
		EB9F6CEE1A8610550038355B /* Main.storyboard in Resources */ = {isa = PBXBuildFile; fileRef = EB9F6CEC1A8610550038355B /* Main.storyboard */; };
		EB9F6CFA1A8610550038355B /* shoppin_osxTests.swift in Sources */ = {isa = PBXBuildFile; fileRef = EB9F6CF91A8610550038355B /* shoppin_osxTests.swift */; };
		EBEEDD691A49C75400FC3B29 /* CDSection.swift in Sources */ = {isa = PBXBuildFile; fileRef = EBEEDD681A49C75400FC3B29 /* CDSection.swift */; };
		EBEEDD6B1A49C94F00FC3B29 /* Section.swift in Sources */ = {isa = PBXBuildFile; fileRef = EBEEDD6A1A49C94F00FC3B29 /* Section.swift */; };
		EBEEDD6D1A49C9B100FC3B29 /* SectionMapper.swift in Sources */ = {isa = PBXBuildFile; fileRef = EBEEDD6C1A49C9B100FC3B29 /* SectionMapper.swift */; };
		EBF1628F1A3499620048E37C /* LaunchScreen-568h@2x.png in Resources */ = {isa = PBXBuildFile; fileRef = EBF1628E1A3499620048E37C /* LaunchScreen-568h@2x.png */; };
		EBF162CB1A34B1860048E37C /* CDListItem.swift in Sources */ = {isa = PBXBuildFile; fileRef = EBF162CA1A34B1860048E37C /* CDListItem.swift */; };
		EBF162D81A3C82380048E37C /* CellSpecification.swift in Sources */ = {isa = PBXBuildFile; fileRef = EBF162CD1A3C82380048E37C /* CellSpecification.swift */; };
		EBF162D91A3C82380048E37C /* DefaultCellIdentifierConstants.swift in Sources */ = {isa = PBXBuildFile; fileRef = EBF162D01A3C82380048E37C /* DefaultCellIdentifierConstants.swift */; };
		EBF162DD1A3C82380048E37C /* DefaultTableViewController.swift in Sources */ = {isa = PBXBuildFile; fileRef = EBF162D41A3C82380048E37C /* DefaultTableViewController.swift */; };
		EBF162DE1A3C82380048E37C /* DefaultTableViewSection.swift in Sources */ = {isa = PBXBuildFile; fileRef = EBF162D51A3C82380048E37C /* DefaultTableViewSection.swift */; };
		EBF162E01A3C82380048E37C /* TableViewSectionDelegate.swift in Sources */ = {isa = PBXBuildFile; fileRef = EBF162D71A3C82380048E37C /* TableViewSectionDelegate.swift */; };
		EBF162E21A3C83D50048E37C /* ListItemsViewSection.swift in Sources */ = {isa = PBXBuildFile; fileRef = EBF162E11A3C83D50048E37C /* ListItemsViewSection.swift */; };
		EBF162E51A3C85A30048E37C /* ListItemCell.swift in Sources */ = {isa = PBXBuildFile; fileRef = EBF162E41A3C85A30048E37C /* ListItemCell.swift */; };
		EBF162E91A3CA1F00048E37C /* ListItemProviderImpl.swift in Sources */ = {isa = PBXBuildFile; fileRef = EBF162E81A3CA1F00048E37C /* ListItemProviderImpl.swift */; };
		EBF162EB1A3CA2470048E37C /* Product.swift in Sources */ = {isa = PBXBuildFile; fileRef = EBF162EA1A3CA2470048E37C /* Product.swift */; };
		EBF162ED1A3CA24E0048E37C /* ListItem.swift in Sources */ = {isa = PBXBuildFile; fileRef = EBF162EC1A3CA24E0048E37C /* ListItem.swift */; };
		EBF162F01A3CA3530048E37C /* CDListItemProvider.swift in Sources */ = {isa = PBXBuildFile; fileRef = EBF162EF1A3CA3530048E37C /* CDListItemProvider.swift */; };
		EBF162F21A3CA3BB0048E37C /* CDProvider.swift in Sources */ = {isa = PBXBuildFile; fileRef = EBF162F11A3CA3BB0048E37C /* CDProvider.swift */; };
		EBF162F51A3CA4BA0048E37C /* ProviderFactory.swift in Sources */ = {isa = PBXBuildFile; fileRef = EBF162F41A3CA4BA0048E37C /* ProviderFactory.swift */; };
		EBF162F71A3CA5030048E37C /* ListItemProviderMock.swift in Sources */ = {isa = PBXBuildFile; fileRef = EBF162F61A3CA5030048E37C /* ListItemProviderMock.swift */; };
		EBF162FA1A3CA54F0048E37C /* ListItemProvider.swift in Sources */ = {isa = PBXBuildFile; fileRef = EBF162F91A3CA54F0048E37C /* ListItemProvider.swift */; };
		EBF162FD1A3DDE5D0048E37C /* ProductMapper.swift in Sources */ = {isa = PBXBuildFile; fileRef = EBF162FC1A3DDE5D0048E37C /* ProductMapper.swift */; };
		EBF162FF1A3DDE730048E37C /* ListItemMapper.swift in Sources */ = {isa = PBXBuildFile; fileRef = EBF162FE1A3DDE730048E37C /* ListItemMapper.swift */; };
		EBF163011A3DE6880048E37C /* ItemsListTableViewConstants.swift in Sources */ = {isa = PBXBuildFile; fileRef = EBF163001A3DE6880048E37C /* ItemsListTableViewConstants.swift */; };
/* End PBXBuildFile section */

/* Begin PBXContainerItemProxy section */
		EB9F6CF41A8610550038355B /* PBXContainerItemProxy */ = {
			isa = PBXContainerItemProxy;
			containerPortal = EB1DDE9D1A3334EC00D778DE /* Project object */;
			proxyType = 1;
			remoteGlobalIDString = EB9F6CE11A8610550038355B;
			remoteInfo = shoppin_osx;
		};
/* End PBXContainerItemProxy section */

/* Begin PBXFileReference section */
		0B9659E0D762FAD127662146 /* Pods.release.xcconfig */ = {isa = PBXFileReference; includeInIndex = 1; lastKnownFileType = text.xcconfig; name = Pods.release.xcconfig; path = "Pods/Target Support Files/Pods/Pods.release.xcconfig"; sourceTree = "<group>"; };
		CFD3968762A24D00B2ED9ADE /* libPods.a */ = {isa = PBXFileReference; explicitFileType = archive.ar; includeInIndex = 0; path = libPods.a; sourceTree = BUILT_PRODUCTS_DIR; };
		EB1DDEA51A3334EC00D778DE /* shoppin.app */ = {isa = PBXFileReference; explicitFileType = wrapper.application; includeInIndex = 0; path = shoppin.app; sourceTree = BUILT_PRODUCTS_DIR; };
		EB1DDEA91A3334EC00D778DE /* Info.plist */ = {isa = PBXFileReference; lastKnownFileType = text.plist.xml; path = Info.plist; sourceTree = "<group>"; };
		EB1DDEAA1A3334EC00D778DE /* AppDelegate.swift */ = {isa = PBXFileReference; lastKnownFileType = sourcecode.swift; path = AppDelegate.swift; sourceTree = "<group>"; };
		EB1DDEAD1A3334EC00D778DE /* shoppin.xcdatamodel */ = {isa = PBXFileReference; lastKnownFileType = wrapper.xcdatamodel; path = shoppin.xcdatamodel; sourceTree = "<group>"; };
		EB1DDEAF1A3334EC00D778DE /* ViewController.swift */ = {isa = PBXFileReference; lastKnownFileType = sourcecode.swift; path = ViewController.swift; sourceTree = "<group>"; };
		EB1DDEB21A3334EC00D778DE /* Base */ = {isa = PBXFileReference; lastKnownFileType = file.storyboard; name = Base; path = Base.lproj/Main.storyboard; sourceTree = "<group>"; };
		EB1DDEB41A3334EC00D778DE /* Images.xcassets */ = {isa = PBXFileReference; lastKnownFileType = folder.assetcatalog; path = Images.xcassets; sourceTree = "<group>"; };
		EB1DDEB71A3334EC00D778DE /* Base */ = {isa = PBXFileReference; lastKnownFileType = file.xib; name = Base; path = Base.lproj/LaunchScreen.xib; sourceTree = "<group>"; };
		EB1DDEC21A3334EC00D778DE /* Info.plist */ = {isa = PBXFileReference; lastKnownFileType = text.plist.xml; path = Info.plist; sourceTree = "<group>"; };
		EB1DDEC31A3334EC00D778DE /* shoppinTests.swift */ = {isa = PBXFileReference; lastKnownFileType = sourcecode.swift; path = shoppinTests.swift; sourceTree = "<group>"; };
		EB20FBEC1A58776E0058103B /* shoppin-Bridging-Header.h */ = {isa = PBXFileReference; lastKnownFileType = sourcecode.c.h; path = "shoppin-Bridging-Header.h"; sourceTree = "<group>"; };
		EB20FBF11A5961360058103B /* CartMenuView.swift */ = {isa = PBXFileReference; fileEncoding = 4; lastKnownFileType = sourcecode.swift; path = CartMenuView.swift; sourceTree = "<group>"; };
		EB20FBF51A59701C0058103B /* CDInventoryItem.swift */ = {isa = PBXFileReference; fileEncoding = 4; lastKnownFileType = sourcecode.swift; name = CDInventoryItem.swift; path = shoppin/CDInventoryItem.swift; sourceTree = "<group>"; };
		EB20FBF71A5971170058103B /* InventoryItem.swift */ = {isa = PBXFileReference; fileEncoding = 4; lastKnownFileType = sourcecode.swift; path = InventoryItem.swift; sourceTree = "<group>"; };
		EB20FBF91A5971C20058103B /* InventoryItemMapper.swift */ = {isa = PBXFileReference; fileEncoding = 4; lastKnownFileType = sourcecode.swift; path = InventoryItemMapper.swift; sourceTree = "<group>"; };
		EB20FBFB1A5972A30058103B /* InventoryProvider.swift */ = {isa = PBXFileReference; fileEncoding = 4; lastKnownFileType = sourcecode.swift; path = InventoryProvider.swift; sourceTree = "<group>"; };
		EB20FBFD1A5972C70058103B /* InventoryProviderImpl.swift */ = {isa = PBXFileReference; fileEncoding = 4; lastKnownFileType = sourcecode.swift; path = InventoryProviderImpl.swift; sourceTree = "<group>"; };
		EB20FBFF1A5973330058103B /* CDInventoryProvider.swift */ = {isa = PBXFileReference; fileEncoding = 4; lastKnownFileType = sourcecode.swift; path = CDInventoryProvider.swift; sourceTree = "<group>"; };
		EB20FC041A599A500058103B /* InventoryViewController.swift */ = {isa = PBXFileReference; fileEncoding = 4; lastKnownFileType = sourcecode.swift; path = InventoryViewController.swift; sourceTree = "<group>"; };
		EB20FC061A599AE20058103B /* InventoryTableViewCell.swift */ = {isa = PBXFileReference; fileEncoding = 4; lastKnownFileType = sourcecode.swift; path = InventoryTableViewCell.swift; sourceTree = "<group>"; };
		EB2743DA1A3E3ACE00593AB0 /* CDProduct.swift */ = {isa = PBXFileReference; fileEncoding = 4; lastKnownFileType = sourcecode.swift; path = CDProduct.swift; sourceTree = "<group>"; };
		EB28C1151A5833A200E1C8BC /* NavigationTitleView.swift */ = {isa = PBXFileReference; fileEncoding = 4; lastKnownFileType = sourcecode.swift; path = NavigationTitleView.swift; sourceTree = "<group>"; };
		EB28C1171A58623E00E1C8BC /* PlainTableViewController.swift */ = {isa = PBXFileReference; fileEncoding = 4; lastKnownFileType = sourcecode.swift; path = PlainTableViewController.swift; sourceTree = "<group>"; };
		EB2F5D0A1A4AC39A00DBC4AF /* AutosuggestionsTableViewController.swift */ = {isa = PBXFileReference; fileEncoding = 4; lastKnownFileType = sourcecode.swift; path = AutosuggestionsTableViewController.swift; sourceTree = "<group>"; };
		EB2F5D0B1A4AC39A00DBC4AF /* AutosuggestionsTableViewController.xib */ = {isa = PBXFileReference; fileEncoding = 4; lastKnownFileType = file.xib; path = AutosuggestionsTableViewController.xib; sourceTree = "<group>"; };
		EB2F5D101A4ACC4400DBC4AF /* String.swift */ = {isa = PBXFileReference; fileEncoding = 4; lastKnownFileType = sourcecode.swift; path = String.swift; sourceTree = "<group>"; };
		EB2F5D151A4B380900DBC4AF /* ContainerViewController.swift */ = {isa = PBXFileReference; fileEncoding = 4; lastKnownFileType = sourcecode.swift; path = ContainerViewController.swift; sourceTree = "<group>"; };
		EB2F5D1C1A4B4CE300DBC4AF /* ListItemsTableViewController.swift */ = {isa = PBXFileReference; fileEncoding = 4; lastKnownFileType = sourcecode.swift; path = ListItemsTableViewController.swift; sourceTree = "<group>"; };
		EB2F5D211A4C20E200DBC4AF /* UIViewController.swift */ = {isa = PBXFileReference; fileEncoding = 4; lastKnownFileType = sourcecode.swift; name = UIViewController.swift; path = shoppin/UIViewController.swift; sourceTree = "<group>"; };
		EB2F5D231A4C2B0600DBC4AF /* UIStoryboard.swift */ = {isa = PBXFileReference; fileEncoding = 4; lastKnownFileType = sourcecode.swift; name = UIStoryboard.swift; path = shoppin/UIStoryboard.swift; sourceTree = "<group>"; };
		EB2F5D251A4DE56B00DBC4AF /* DoneViewController.swift */ = {isa = PBXFileReference; fileEncoding = 4; lastKnownFileType = sourcecode.swift; path = DoneViewController.swift; sourceTree = "<group>"; };
		EB2F5D591A4F5C8100DBC4AF /* SwipeableCell.swift */ = {isa = PBXFileReference; fileEncoding = 4; lastKnownFileType = sourcecode.swift; path = SwipeableCell.swift; sourceTree = "<group>"; };
		EB2F5D5B1A5058E900DBC4AF /* TableViewListItem.swift */ = {isa = PBXFileReference; fileEncoding = 4; lastKnownFileType = sourcecode.swift; path = TableViewListItem.swift; sourceTree = "<group>"; };
		EB2F5D5D1A506F5100DBC4AF /* Array.swift */ = {isa = PBXFileReference; fileEncoding = 4; lastKnownFileType = sourcecode.swift; path = Array.swift; sourceTree = "<group>"; };
		EB2F5D611A50B91200DBC4AF /* AddItemView.swift */ = {isa = PBXFileReference; fileEncoding = 4; lastKnownFileType = sourcecode.swift; path = AddItemView.swift; sourceTree = "<group>"; };
		EB2F5D681A50C38B00DBC4AF /* FrozenEffect.swift */ = {isa = PBXFileReference; fileEncoding = 4; lastKnownFileType = sourcecode.swift; path = FrozenEffect.swift; sourceTree = "<group>"; };
		EB2F5D6C1A51C17200DBC4AF /* UIView.swift */ = {isa = PBXFileReference; fileEncoding = 4; lastKnownFileType = sourcecode.swift; name = UIView.swift; path = shoppin/UIView.swift; sourceTree = "<group>"; };
		EB2F5D6E1A530FBC00DBC4AF /* Float.swift */ = {isa = PBXFileReference; fileEncoding = 4; lastKnownFileType = sourcecode.swift; path = Float.swift; sourceTree = "<group>"; };
		EB2F5D721A55754400DBC4AF /* PricesView.swift */ = {isa = PBXFileReference; fileEncoding = 4; lastKnownFileType = sourcecode.swift; path = PricesView.swift; sourceTree = "<group>"; };
		EB2F5D741A5579B200DBC4AF /* CDList.swift */ = {isa = PBXFileReference; fileEncoding = 4; lastKnownFileType = sourcecode.swift; path = CDList.swift; sourceTree = "<group>"; };
		EB2F5D761A557AB000DBC4AF /* List.swift */ = {isa = PBXFileReference; fileEncoding = 4; lastKnownFileType = sourcecode.swift; path = List.swift; sourceTree = "<group>"; };
		EB2F5D781A557E2C00DBC4AF /* ListMapper.swift */ = {isa = PBXFileReference; fileEncoding = 4; lastKnownFileType = sourcecode.swift; path = ListMapper.swift; sourceTree = "<group>"; };
		EB2F5D7A1A55816B00DBC4AF /* PreferencesManager.swift */ = {isa = PBXFileReference; fileEncoding = 4; lastKnownFileType = sourcecode.swift; path = PreferencesManager.swift; sourceTree = "<group>"; };
		EB2F5D7D1A558F5400DBC4AF /* MyPlayground.playground */ = {isa = PBXFileReference; lastKnownFileType = file.playground; path = MyPlayground.playground; sourceTree = "<group>"; };
		EB2F5D7E1A559C8800DBC4AF /* Constants.swift */ = {isa = PBXFileReference; fileEncoding = 4; lastKnownFileType = sourcecode.swift; path = Constants.swift; sourceTree = "<group>"; };
		EB49F5E91AC6CBEE00BBEDA2 /* shoppin.entitlements */ = {isa = PBXFileReference; lastKnownFileType = text.xml; path = shoppin.entitlements; sourceTree = "<group>"; };
		EB49F5EA1AC6CC0D00BBEDA2 /* CloudKit.framework */ = {isa = PBXFileReference; lastKnownFileType = wrapper.framework; name = CloudKit.framework; path = System/Library/Frameworks/CloudKit.framework; sourceTree = SDKROOT; };
		EB4FD44D1AC6BE390000F952 /* NSTableView.swift */ = {isa = PBXFileReference; fileEncoding = 4; lastKnownFileType = sourcecode.swift; path = NSTableView.swift; sourceTree = "<group>"; };
		EB4FD44F1AC6BE960000F952 /* Globals.swift */ = {isa = PBXFileReference; fileEncoding = 4; lastKnownFileType = sourcecode.swift; path = Globals.swift; sourceTree = "<group>"; };
		EB5567791A86545300CD3EC6 /* SharedAppDelegate.h */ = {isa = PBXFileReference; fileEncoding = 4; lastKnownFileType = sourcecode.c.h; path = SharedAppDelegate.h; sourceTree = "<group>"; };
		EB55677A1A86545300CD3EC6 /* SharedAppDelegate.m */ = {isa = PBXFileReference; fileEncoding = 4; lastKnownFileType = sourcecode.c.objc; path = SharedAppDelegate.m; sourceTree = "<group>"; };
		EB5567841A86590800CD3EC6 /* shoppin-osx-Bridging-Header.h */ = {isa = PBXFileReference; lastKnownFileType = sourcecode.c.h; path = "shoppin-osx-Bridging-Header.h"; sourceTree = "<group>"; };
		EB9F6CE21A8610550038355B /* shoppin_osx.app */ = {isa = PBXFileReference; explicitFileType = wrapper.application; includeInIndex = 0; path = shoppin_osx.app; sourceTree = BUILT_PRODUCTS_DIR; };
		EB9F6CE51A8610550038355B /* Info.plist */ = {isa = PBXFileReference; lastKnownFileType = text.plist.xml; path = Info.plist; sourceTree = "<group>"; };
		EB9F6CE61A8610550038355B /* AppDelegate.swift */ = {isa = PBXFileReference; lastKnownFileType = sourcecode.swift; path = AppDelegate.swift; sourceTree = "<group>"; };
		EB9F6CE81A8610550038355B /* ViewController.swift */ = {isa = PBXFileReference; lastKnownFileType = sourcecode.swift; path = ViewController.swift; sourceTree = "<group>"; };
		EB9F6CEA1A8610550038355B /* Images.xcassets */ = {isa = PBXFileReference; lastKnownFileType = folder.assetcatalog; path = Images.xcassets; sourceTree = "<group>"; };
		EB9F6CED1A8610550038355B /* Base */ = {isa = PBXFileReference; lastKnownFileType = file.storyboard; name = Base; path = Base.lproj/Main.storyboard; sourceTree = "<group>"; };
		EB9F6CF31A8610550038355B /* shoppin_osxTests.xctest */ = {isa = PBXFileReference; explicitFileType = wrapper.cfbundle; includeInIndex = 0; path = shoppin_osxTests.xctest; sourceTree = BUILT_PRODUCTS_DIR; };
		EB9F6CF81A8610550038355B /* Info.plist */ = {isa = PBXFileReference; lastKnownFileType = text.plist.xml; path = Info.plist; sourceTree = "<group>"; };
		EB9F6CF91A8610550038355B /* shoppin_osxTests.swift */ = {isa = PBXFileReference; lastKnownFileType = sourcecode.swift; path = shoppin_osxTests.swift; sourceTree = "<group>"; };
		EBEEDD681A49C75400FC3B29 /* CDSection.swift */ = {isa = PBXFileReference; fileEncoding = 4; lastKnownFileType = sourcecode.swift; path = CDSection.swift; sourceTree = "<group>"; };
		EBEEDD6A1A49C94F00FC3B29 /* Section.swift */ = {isa = PBXFileReference; fileEncoding = 4; lastKnownFileType = sourcecode.swift; path = Section.swift; sourceTree = "<group>"; };
		EBEEDD6C1A49C9B100FC3B29 /* SectionMapper.swift */ = {isa = PBXFileReference; fileEncoding = 4; lastKnownFileType = sourcecode.swift; path = SectionMapper.swift; sourceTree = "<group>"; };
		EBF1628E1A3499620048E37C /* LaunchScreen-568h@2x.png */ = {isa = PBXFileReference; lastKnownFileType = image.png; name = "LaunchScreen-568h@2x.png"; path = "../LaunchScreen-568h@2x.png"; sourceTree = "<group>"; };
		EBF162CA1A34B1860048E37C /* CDListItem.swift */ = {isa = PBXFileReference; fileEncoding = 4; lastKnownFileType = sourcecode.swift; path = CDListItem.swift; sourceTree = "<group>"; };
		EBF162CD1A3C82380048E37C /* CellSpecification.swift */ = {isa = PBXFileReference; fileEncoding = 4; lastKnownFileType = sourcecode.swift; path = CellSpecification.swift; sourceTree = "<group>"; };
		EBF162D01A3C82380048E37C /* DefaultCellIdentifierConstants.swift */ = {isa = PBXFileReference; fileEncoding = 4; lastKnownFileType = sourcecode.swift; path = DefaultCellIdentifierConstants.swift; sourceTree = "<group>"; };
		EBF162D41A3C82380048E37C /* DefaultTableViewController.swift */ = {isa = PBXFileReference; fileEncoding = 4; lastKnownFileType = sourcecode.swift; path = DefaultTableViewController.swift; sourceTree = "<group>"; };
		EBF162D51A3C82380048E37C /* DefaultTableViewSection.swift */ = {isa = PBXFileReference; fileEncoding = 4; lastKnownFileType = sourcecode.swift; path = DefaultTableViewSection.swift; sourceTree = "<group>"; };
		EBF162D71A3C82380048E37C /* TableViewSectionDelegate.swift */ = {isa = PBXFileReference; fileEncoding = 4; lastKnownFileType = sourcecode.swift; path = TableViewSectionDelegate.swift; sourceTree = "<group>"; };
		EBF162E11A3C83D50048E37C /* ListItemsViewSection.swift */ = {isa = PBXFileReference; fileEncoding = 4; lastKnownFileType = sourcecode.swift; path = ListItemsViewSection.swift; sourceTree = "<group>"; };
		EBF162E41A3C85A30048E37C /* ListItemCell.swift */ = {isa = PBXFileReference; fileEncoding = 4; lastKnownFileType = sourcecode.swift; path = ListItemCell.swift; sourceTree = "<group>"; };
		EBF162E81A3CA1F00048E37C /* ListItemProviderImpl.swift */ = {isa = PBXFileReference; fileEncoding = 4; lastKnownFileType = sourcecode.swift; path = ListItemProviderImpl.swift; sourceTree = "<group>"; };
		EBF162EA1A3CA2470048E37C /* Product.swift */ = {isa = PBXFileReference; fileEncoding = 4; lastKnownFileType = sourcecode.swift; path = Product.swift; sourceTree = "<group>"; };
		EBF162EC1A3CA24E0048E37C /* ListItem.swift */ = {isa = PBXFileReference; fileEncoding = 4; lastKnownFileType = sourcecode.swift; path = ListItem.swift; sourceTree = "<group>"; };
		EBF162EF1A3CA3530048E37C /* CDListItemProvider.swift */ = {isa = PBXFileReference; fileEncoding = 4; lastKnownFileType = sourcecode.swift; path = CDListItemProvider.swift; sourceTree = "<group>"; };
		EBF162F11A3CA3BB0048E37C /* CDProvider.swift */ = {isa = PBXFileReference; fileEncoding = 4; lastKnownFileType = sourcecode.swift; path = CDProvider.swift; sourceTree = "<group>"; };
		EBF162F41A3CA4BA0048E37C /* ProviderFactory.swift */ = {isa = PBXFileReference; fileEncoding = 4; lastKnownFileType = sourcecode.swift; path = ProviderFactory.swift; sourceTree = "<group>"; };
		EBF162F61A3CA5030048E37C /* ListItemProviderMock.swift */ = {isa = PBXFileReference; fileEncoding = 4; lastKnownFileType = sourcecode.swift; path = ListItemProviderMock.swift; sourceTree = "<group>"; };
		EBF162F91A3CA54F0048E37C /* ListItemProvider.swift */ = {isa = PBXFileReference; fileEncoding = 4; lastKnownFileType = sourcecode.swift; path = ListItemProvider.swift; sourceTree = "<group>"; };
		EBF162FC1A3DDE5D0048E37C /* ProductMapper.swift */ = {isa = PBXFileReference; fileEncoding = 4; lastKnownFileType = sourcecode.swift; path = ProductMapper.swift; sourceTree = "<group>"; };
		EBF162FE1A3DDE730048E37C /* ListItemMapper.swift */ = {isa = PBXFileReference; fileEncoding = 4; lastKnownFileType = sourcecode.swift; path = ListItemMapper.swift; sourceTree = "<group>"; };
		EBF163001A3DE6880048E37C /* ItemsListTableViewConstants.swift */ = {isa = PBXFileReference; fileEncoding = 4; lastKnownFileType = sourcecode.swift; path = ItemsListTableViewConstants.swift; sourceTree = "<group>"; };
		ED602ABB2DEEE49607500199 /* Pods.debug.xcconfig */ = {isa = PBXFileReference; includeInIndex = 1; lastKnownFileType = text.xcconfig; name = Pods.debug.xcconfig; path = "Pods/Target Support Files/Pods/Pods.debug.xcconfig"; sourceTree = "<group>"; };
/* End PBXFileReference section */

/* Begin PBXFrameworksBuildPhase section */
		EB1DDEA21A3334EC00D778DE /* Frameworks */ = {
			isa = PBXFrameworksBuildPhase;
			buildActionMask = 2147483647;
			files = (
				8FC87A4A718943E18BF37A57 /* libPods.a in Frameworks */,
				EB49F5EB1AC6CC0D00BBEDA2 /* CloudKit.framework in Frameworks */,
			);
			runOnlyForDeploymentPostprocessing = 0;
		};
		EB9F6CDF1A8610550038355B /* Frameworks */ = {
			isa = PBXFrameworksBuildPhase;
			buildActionMask = 2147483647;
			files = (
			);
			runOnlyForDeploymentPostprocessing = 0;
		};
		EB9F6CF01A8610550038355B /* Frameworks */ = {
			isa = PBXFrameworksBuildPhase;
			buildActionMask = 2147483647;
			files = (
			);
			runOnlyForDeploymentPostprocessing = 0;
		};
/* End PBXFrameworksBuildPhase section */

/* Begin PBXGroup section */
		E4CDB4AFEC6C43F59CFE7A39 /* Frameworks */ = {
			isa = PBXGroup;
			children = (
				EB49F5EA1AC6CC0D00BBEDA2 /* CloudKit.framework */,
				CFD3968762A24D00B2ED9ADE /* libPods.a */,
			);
			name = Frameworks;
			sourceTree = "<group>";
		};
		EB1DDE9C1A3334EC00D778DE = {
			isa = PBXGroup;
			children = (
				EB20FBEC1A58776E0058103B /* shoppin-Bridging-Header.h */,
				EB2F5D7D1A558F5400DBC4AF /* MyPlayground.playground */,
				EB1DDEA71A3334EC00D778DE /* shoppin */,
				EB55675A1A8622E600CD3EC6 /* shoppin_ios */,
				EB9F6CE31A8610550038355B /* shoppin_osx */,
				EB1DDEC01A3334EC00D778DE /* shoppinTests */,
				EB9F6CF61A8610550038355B /* shoppin_osxTests */,
				EB1DDEA61A3334EC00D778DE /* Products */,
				E4CDB4AFEC6C43F59CFE7A39 /* Frameworks */,
				F5A12A83562C0B29B96FD548 /* Pods */,
			);
			sourceTree = "<group>";
		};
		EB1DDEA61A3334EC00D778DE /* Products */ = {
			isa = PBXGroup;
			children = (
				EB1DDEA51A3334EC00D778DE /* shoppin.app */,
				EB9F6CE21A8610550038355B /* shoppin_osx.app */,
				EB9F6CF31A8610550038355B /* shoppin_osxTests.xctest */,
			);
			name = Products;
			sourceTree = "<group>";
		};
		EB1DDEA71A3334EC00D778DE /* shoppin */ = {
			isa = PBXGroup;
			children = (
				EBF162E71A3CA1CD0048E37C /* provider */,
				EBF162E61A3CA1AC0048E37C /* model */,
				EB2F5D7C1A55817100DBC4AF /* common */,
				EB1DDEAA1A3334EC00D778DE /* AppDelegate.swift */,
				EB1DDEB11A3334EC00D778DE /* Main.storyboard */,
				EB1DDEB41A3334EC00D778DE /* Images.xcassets */,
				EB1DDEB61A3334EC00D778DE /* LaunchScreen.xib */,
				EB1DDEAC1A3334EC00D778DE /* shoppin.xcdatamodeld */,
				EB49F5E91AC6CBEE00BBEDA2 /* shoppin.entitlements */,
				EB1DDEA81A3334EC00D778DE /* Supporting Files */,
			);
			path = shoppin;
			sourceTree = "<group>";
		};
		EB1DDEA81A3334EC00D778DE /* Supporting Files */ = {
			isa = PBXGroup;
			children = (
				EB1DDEA91A3334EC00D778DE /* Info.plist */,
				EB5567791A86545300CD3EC6 /* SharedAppDelegate.h */,
				EB55677A1A86545300CD3EC6 /* SharedAppDelegate.m */,
			);
			name = "Supporting Files";
			sourceTree = "<group>";
		};
		EB1DDEC01A3334EC00D778DE /* shoppinTests */ = {
			isa = PBXGroup;
			children = (
				EB1DDEC31A3334EC00D778DE /* shoppinTests.swift */,
				EB1DDEC11A3334EC00D778DE /* Supporting Files */,
			);
			path = shoppinTests;
			sourceTree = "<group>";
		};
		EB1DDEC11A3334EC00D778DE /* Supporting Files */ = {
			isa = PBXGroup;
			children = (
				EB1DDEC21A3334EC00D778DE /* Info.plist */,
			);
			name = "Supporting Files";
			sourceTree = "<group>";
		};
		EB20FC011A5998490058103B /* cart */ = {
			isa = PBXGroup;
			children = (
				EB2F5D251A4DE56B00DBC4AF /* DoneViewController.swift */,
				EB20FBF11A5961360058103B /* CartMenuView.swift */,
			);
			name = cart;
			path = shoppin;
			sourceTree = "<group>";
		};
		EB20FC021A59986C0058103B /* list */ = {
			isa = PBXGroup;
			children = (
				EB2F5D721A55754400DBC4AF /* PricesView.swift */,
				EB28C1151A5833A200E1C8BC /* NavigationTitleView.swift */,
				EB1DDEAF1A3334EC00D778DE /* ViewController.swift */,
				EB2F5D611A50B91200DBC4AF /* AddItemView.swift */,
			);
			name = list;
			path = shoppin;
			sourceTree = "<group>";
		};
		EB20FC031A599A2B0058103B /* inventory */ = {
			isa = PBXGroup;
			children = (
				EB20FC041A599A500058103B /* InventoryViewController.swift */,
				EB20FC061A599AE20058103B /* InventoryTableViewCell.swift */,
			);
			name = inventory;
			path = shoppin;
			sourceTree = "<group>";
		};
		EB2F5D071A4A28DE00DBC4AF /* autosuggestions */ = {
			isa = PBXGroup;
			children = (
				EBF1628E1A3499620048E37C /* LaunchScreen-568h@2x.png */,
				EB2F5D0A1A4AC39A00DBC4AF /* AutosuggestionsTableViewController.swift */,
				EB2F5D0B1A4AC39A00DBC4AF /* AutosuggestionsTableViewController.xib */,
			);
			name = autosuggestions;
			path = shoppin;
			sourceTree = "<group>";
		};
		EB2F5D0F1A4ACC2500DBC4AF /* extensions */ = {
			isa = PBXGroup;
			children = (
				EB2F5D101A4ACC4400DBC4AF /* String.swift */,
				EB2F5D5D1A506F5100DBC4AF /* Array.swift */,
				EB2F5D6E1A530FBC00DBC4AF /* Float.swift */,
			);
			name = extensions;
			sourceTree = "<group>";
		};
		EB2F5D141A4B37D700DBC4AF /* sidemenu */ = {
			isa = PBXGroup;
			children = (
				EB2F5D151A4B380900DBC4AF /* ContainerViewController.swift */,
			);
			name = sidemenu;
			path = shoppin;
			sourceTree = "<group>";
		};
		EB2F5D671A50C36E00DBC4AF /* helper */ = {
			isa = PBXGroup;
			children = (
				EB2F5D681A50C38B00DBC4AF /* FrozenEffect.swift */,
			);
			name = helper;
			sourceTree = "<group>";
		};
		EB2F5D7C1A55817100DBC4AF /* common */ = {
			isa = PBXGroup;
			children = (
				EB2F5D0F1A4ACC2500DBC4AF /* extensions */,
				EB2F5D7A1A55816B00DBC4AF /* PreferencesManager.swift */,
				EB2F5D7E1A559C8800DBC4AF /* Constants.swift */,
				EB4FD44F1AC6BE960000F952 /* Globals.swift */,
			);
			name = common;
			sourceTree = "<group>";
		};
		EB4FD44C1AC6BE2A0000F952 /* extension */ = {
			isa = PBXGroup;
			children = (
				EB4FD44D1AC6BE390000F952 /* NSTableView.swift */,
			);
			name = extension;
			sourceTree = "<group>";
		};
		EB55675A1A8622E600CD3EC6 /* shoppin_ios */ = {
			isa = PBXGroup;
			children = (
				EB20FC021A59986C0058103B /* list */,
				EB20FC011A5998490058103B /* cart */,
				EB20FC031A599A2B0058103B /* inventory */,
				EBF162E31A3C853E0048E37C /* listItemsTableView */,
				EB2F5D071A4A28DE00DBC4AF /* autosuggestions */,
				EB55675B1A86231D00CD3EC6 /* common */,
				EB2F5D141A4B37D700DBC4AF /* sidemenu */,
			);
			name = shoppin_ios;
			sourceTree = "<group>";
		};
		EB55675B1A86231D00CD3EC6 /* common */ = {
			isa = PBXGroup;
			children = (
				EB55675C1A86233700CD3EC6 /* extensions */,
				EBEEDD631A49A7B500FC3B29 /* view */,
				EBF162CC1A3C82380048E37C /* tableView */,
			);
			name = common;
			sourceTree = "<group>";
		};
		EB55675C1A86233700CD3EC6 /* extensions */ = {
			isa = PBXGroup;
			children = (
				EB2F5D211A4C20E200DBC4AF /* UIViewController.swift */,
				EB2F5D231A4C2B0600DBC4AF /* UIStoryboard.swift */,
				EB2F5D6C1A51C17200DBC4AF /* UIView.swift */,
			);
			name = extensions;
			sourceTree = "<group>";
		};
		EB9F6CE31A8610550038355B /* shoppin_osx */ = {
			isa = PBXGroup;
			children = (
				EB4FD44C1AC6BE2A0000F952 /* extension */,
				EB9F6CE61A8610550038355B /* AppDelegate.swift */,
				EB9F6CE81A8610550038355B /* ViewController.swift */,
				EB9F6CEA1A8610550038355B /* Images.xcassets */,
				EB9F6CEC1A8610550038355B /* Main.storyboard */,
				EB9F6CE41A8610550038355B /* Supporting Files */,
				EB5567841A86590800CD3EC6 /* shoppin-osx-Bridging-Header.h */,
			);
			path = shoppin_osx;
			sourceTree = "<group>";
		};
		EB9F6CE41A8610550038355B /* Supporting Files */ = {
			isa = PBXGroup;
			children = (
				EB9F6CE51A8610550038355B /* Info.plist */,
			);
			name = "Supporting Files";
			sourceTree = "<group>";
		};
		EB9F6CF61A8610550038355B /* shoppin_osxTests */ = {
			isa = PBXGroup;
			children = (
				EB9F6CF91A8610550038355B /* shoppin_osxTests.swift */,
				EB9F6CF71A8610550038355B /* Supporting Files */,
			);
			path = shoppin_osxTests;
			sourceTree = "<group>";
		};
		EB9F6CF71A8610550038355B /* Supporting Files */ = {
			isa = PBXGroup;
			children = (
				EB9F6CF81A8610550038355B /* Info.plist */,
			);
			name = "Supporting Files";
			sourceTree = "<group>";
		};
		EBEEDD631A49A7B500FC3B29 /* view */ = {
			isa = PBXGroup;
			children = (
				EB2F5D671A50C36E00DBC4AF /* helper */,
				EB2F5D591A4F5C8100DBC4AF /* SwipeableCell.swift */,
				EB28C1171A58623E00E1C8BC /* PlainTableViewController.swift */,
			);
			name = view;
			path = shoppin;
			sourceTree = "<group>";
		};
		EBF162C51A34A5C70048E37C /* coreData */ = {
			isa = PBXGroup;
			children = (
				EB2743DA1A3E3ACE00593AB0 /* CDProduct.swift */,
				EBF162CA1A34B1860048E37C /* CDListItem.swift */,
				EBEEDD681A49C75400FC3B29 /* CDSection.swift */,
				EB2F5D741A5579B200DBC4AF /* CDList.swift */,
				EB20FBF51A59701C0058103B /* CDInventoryItem.swift */,
			);
			name = coreData;
			sourceTree = "<group>";
		};
		EBF162CC1A3C82380048E37C /* tableView */ = {
			isa = PBXGroup;
			children = (
				EBF162CD1A3C82380048E37C /* CellSpecification.swift */,
				EBF162CE1A3C82380048E37C /* default */,
				EBF162D71A3C82380048E37C /* TableViewSectionDelegate.swift */,
			);
			name = tableView;
			path = shoppin/TableView;
			sourceTree = "<group>";
		};
		EBF162CE1A3C82380048E37C /* default */ = {
			isa = PBXGroup;
			children = (
				EBF162CF1A3C82380048E37C /* constants */,
				EBF162D41A3C82380048E37C /* DefaultTableViewController.swift */,
				EBF162D51A3C82380048E37C /* DefaultTableViewSection.swift */,
			);
			name = default;
			path = Default;
			sourceTree = "<group>";
		};
		EBF162CF1A3C82380048E37C /* constants */ = {
			isa = PBXGroup;
			children = (
				EBF162D01A3C82380048E37C /* DefaultCellIdentifierConstants.swift */,
			);
			name = constants;
			path = Constants;
			sourceTree = "<group>";
		};
		EBF162E31A3C853E0048E37C /* listItemsTableView */ = {
			isa = PBXGroup;
			children = (
				EBF163001A3DE6880048E37C /* ItemsListTableViewConstants.swift */,
				EBF162E11A3C83D50048E37C /* ListItemsViewSection.swift */,
				EBF162E41A3C85A30048E37C /* ListItemCell.swift */,
				EB2F5D1C1A4B4CE300DBC4AF /* ListItemsTableViewController.swift */,
				EB2F5D5B1A5058E900DBC4AF /* TableViewListItem.swift */,
			);
			name = listItemsTableView;
			path = shoppin;
			sourceTree = "<group>";
		};
		EBF162E61A3CA1AC0048E37C /* model */ = {
			isa = PBXGroup;
			children = (
				EBF162FB1A3DDE4C0048E37C /* mapper */,
				EBF162C51A34A5C70048E37C /* coreData */,
				EBF162EA1A3CA2470048E37C /* Product.swift */,
				EBF162EC1A3CA24E0048E37C /* ListItem.swift */,
				EBEEDD6A1A49C94F00FC3B29 /* Section.swift */,
				EB2F5D761A557AB000DBC4AF /* List.swift */,
				EB20FBF71A5971170058103B /* InventoryItem.swift */,
			);
			name = model;
			path = ..;
			sourceTree = "<group>";
		};
		EBF162E71A3CA1CD0048E37C /* provider */ = {
			isa = PBXGroup;
			children = (
				EBF162F81A3CA52F0048E37C /* impl */,
				EBF162F31A3CA4620048E37C /* mock */,
				EBF162EE1A3CA3180048E37C /* coreData */,
				EBF162F41A3CA4BA0048E37C /* ProviderFactory.swift */,
				EBF162F91A3CA54F0048E37C /* ListItemProvider.swift */,
				EB20FBFB1A5972A30058103B /* InventoryProvider.swift */,
			);
			name = provider;
			path = ..;
			sourceTree = "<group>";
		};
		EBF162EE1A3CA3180048E37C /* coreData */ = {
			isa = PBXGroup;
			children = (
				EBF162F11A3CA3BB0048E37C /* CDProvider.swift */,
				EBF162EF1A3CA3530048E37C /* CDListItemProvider.swift */,
				EB20FBFF1A5973330058103B /* CDInventoryProvider.swift */,
			);
			name = coreData;
			sourceTree = "<group>";
		};
		EBF162F31A3CA4620048E37C /* mock */ = {
			isa = PBXGroup;
			children = (
				EBF162F61A3CA5030048E37C /* ListItemProviderMock.swift */,
			);
			name = mock;
			sourceTree = "<group>";
		};
		EBF162F81A3CA52F0048E37C /* impl */ = {
			isa = PBXGroup;
			children = (
				EBF162E81A3CA1F00048E37C /* ListItemProviderImpl.swift */,
				EB20FBFD1A5972C70058103B /* InventoryProviderImpl.swift */,
			);
			name = impl;
			sourceTree = "<group>";
		};
		EBF162FB1A3DDE4C0048E37C /* mapper */ = {
			isa = PBXGroup;
			children = (
				EBF162FE1A3DDE730048E37C /* ListItemMapper.swift */,
				EBF162FC1A3DDE5D0048E37C /* ProductMapper.swift */,
				EBEEDD6C1A49C9B100FC3B29 /* SectionMapper.swift */,
				EB2F5D781A557E2C00DBC4AF /* ListMapper.swift */,
				EB20FBF91A5971C20058103B /* InventoryItemMapper.swift */,
			);
			name = mapper;
			sourceTree = "<group>";
		};
		F5A12A83562C0B29B96FD548 /* Pods */ = {
			isa = PBXGroup;
			children = (
				ED602ABB2DEEE49607500199 /* Pods.debug.xcconfig */,
				0B9659E0D762FAD127662146 /* Pods.release.xcconfig */,
			);
			name = Pods;
			sourceTree = "<group>";
		};
/* End PBXGroup section */

/* Begin PBXNativeTarget section */
		EB1DDEA41A3334EC00D778DE /* shoppin */ = {
			isa = PBXNativeTarget;
			buildConfigurationList = EB1DDEC71A3334EC00D778DE /* Build configuration list for PBXNativeTarget "shoppin" */;
			buildPhases = (
				D96152C8C99740089D2A1CC1 /* Check Pods Manifest.lock */,
				EB1DDEA11A3334EC00D778DE /* Sources */,
				EB1DDEA21A3334EC00D778DE /* Frameworks */,
				EB1DDEA31A3334EC00D778DE /* Resources */,
				272492BC443343C8B2A40466 /* Copy Pods Resources */,
			);
			buildRules = (
			);
			dependencies = (
			);
			name = shoppin;
			productName = shoppin;
			productReference = EB1DDEA51A3334EC00D778DE /* shoppin.app */;
			productType = "com.apple.product-type.application";
		};
		EB9F6CE11A8610550038355B /* shoppin_osx */ = {
			isa = PBXNativeTarget;
			buildConfigurationList = EB9F6CFB1A8610550038355B /* Build configuration list for PBXNativeTarget "shoppin_osx" */;
			buildPhases = (
				EB9F6CDE1A8610550038355B /* Sources */,
				EB9F6CDF1A8610550038355B /* Frameworks */,
				EB9F6CE01A8610550038355B /* Resources */,
			);
			buildRules = (
			);
			dependencies = (
			);
			name = shoppin_osx;
			productName = shoppin_osx;
			productReference = EB9F6CE21A8610550038355B /* shoppin_osx.app */;
			productType = "com.apple.product-type.application";
		};
		EB9F6CF21A8610550038355B /* shoppin_osxTests */ = {
			isa = PBXNativeTarget;
			buildConfigurationList = EB9F6CFE1A8610550038355B /* Build configuration list for PBXNativeTarget "shoppin_osxTests" */;
			buildPhases = (
				EB9F6CEF1A8610550038355B /* Sources */,
				EB9F6CF01A8610550038355B /* Frameworks */,
				EB9F6CF11A8610550038355B /* Resources */,
			);
			buildRules = (
			);
			dependencies = (
				EB9F6CF51A8610550038355B /* PBXTargetDependency */,
			);
			name = shoppin_osxTests;
			productName = shoppin_osxTests;
			productReference = EB9F6CF31A8610550038355B /* shoppin_osxTests.xctest */;
			productType = "com.apple.product-type.bundle.unit-test";
		};
/* End PBXNativeTarget section */

/* Begin PBXProject section */
		EB1DDE9D1A3334EC00D778DE /* Project object */ = {
			isa = PBXProject;
			attributes = {
				LastUpgradeCheck = 0610;
				ORGANIZATIONNAME = ivanschuetz;
				TargetAttributes = {
					EB1DDEA41A3334EC00D778DE = {
						CreatedOnToolsVersion = 6.1.1;
						DevelopmentTeam = 37QAPDY2PR;
						SystemCapabilities = {
							com.apple.iCloud = {
								enabled = 1;
							};
						};
					};
					EB9F6CE11A8610550038355B = {
						CreatedOnToolsVersion = 6.2;
					};
					EB9F6CF21A8610550038355B = {
						CreatedOnToolsVersion = 6.2;
						TestTargetID = EB9F6CE11A8610550038355B;
					};
				};
			};
			buildConfigurationList = EB1DDEA01A3334EC00D778DE /* Build configuration list for PBXProject "shoppin" */;
			compatibilityVersion = "Xcode 3.2";
			developmentRegion = English;
			hasScannedForEncodings = 0;
			knownRegions = (
				en,
				Base,
			);
			mainGroup = EB1DDE9C1A3334EC00D778DE;
			productRefGroup = EB1DDEA61A3334EC00D778DE /* Products */;
			projectDirPath = "";
			projectRoot = "";
			targets = (
				EB1DDEA41A3334EC00D778DE /* shoppin */,
				EB9F6CE11A8610550038355B /* shoppin_osx */,
				EB9F6CF21A8610550038355B /* shoppin_osxTests */,
			);
		};
/* End PBXProject section */

/* Begin PBXResourcesBuildPhase section */
		EB1DDEA31A3334EC00D778DE /* Resources */ = {
			isa = PBXResourcesBuildPhase;
			buildActionMask = 2147483647;
			files = (
				EB1DDEB31A3334EC00D778DE /* Main.storyboard in Resources */,
				EB2F5D0D1A4AC39A00DBC4AF /* AutosuggestionsTableViewController.xib in Resources */,
				EBF1628F1A3499620048E37C /* LaunchScreen-568h@2x.png in Resources */,
				EB1DDEB81A3334EC00D778DE /* LaunchScreen.xib in Resources */,
				EB1DDEB51A3334EC00D778DE /* Images.xcassets in Resources */,
			);
			runOnlyForDeploymentPostprocessing = 0;
		};
		EB9F6CE01A8610550038355B /* Resources */ = {
			isa = PBXResourcesBuildPhase;
			buildActionMask = 2147483647;
			files = (
				EB9F6CEB1A8610550038355B /* Images.xcassets in Resources */,
				EB9F6CEE1A8610550038355B /* Main.storyboard in Resources */,
			);
			runOnlyForDeploymentPostprocessing = 0;
		};
		EB9F6CF11A8610550038355B /* Resources */ = {
			isa = PBXResourcesBuildPhase;
			buildActionMask = 2147483647;
			files = (
			);
			runOnlyForDeploymentPostprocessing = 0;
		};
/* End PBXResourcesBuildPhase section */

/* Begin PBXShellScriptBuildPhase section */
		272492BC443343C8B2A40466 /* Copy Pods Resources */ = {
			isa = PBXShellScriptBuildPhase;
			buildActionMask = 2147483647;
			files = (
			);
			inputPaths = (
			);
			name = "Copy Pods Resources";
			outputPaths = (
			);
			runOnlyForDeploymentPostprocessing = 0;
			shellPath = /bin/sh;
			shellScript = "\"${SRCROOT}/Pods/Target Support Files/Pods/Pods-resources.sh\"\n";
			showEnvVarsInLog = 0;
		};
		D96152C8C99740089D2A1CC1 /* Check Pods Manifest.lock */ = {
			isa = PBXShellScriptBuildPhase;
			buildActionMask = 2147483647;
			files = (
			);
			inputPaths = (
			);
			name = "Check Pods Manifest.lock";
			outputPaths = (
			);
			runOnlyForDeploymentPostprocessing = 0;
			shellPath = /bin/sh;
			shellScript = "diff \"${PODS_ROOT}/../Podfile.lock\" \"${PODS_ROOT}/Manifest.lock\" > /dev/null\nif [[ $? != 0 ]] ; then\n    cat << EOM\nerror: The sandbox is not in sync with the Podfile.lock. Run 'pod install' or update your CocoaPods installation.\nEOM\n    exit 1\nfi\n";
			showEnvVarsInLog = 0;
		};
/* End PBXShellScriptBuildPhase section */

/* Begin PBXSourcesBuildPhase section */
		EB1DDEA11A3334EC00D778DE /* Sources */ = {
			isa = PBXSourcesBuildPhase;
			buildActionMask = 2147483647;
			files = (
				EB2F5D5A1A4F5C8100DBC4AF /* SwipeableCell.swift in Sources */,
				EB2F5D111A4ACC4400DBC4AF /* String.swift in Sources */,
				EB55677B1A86545300CD3EC6 /* SharedAppDelegate.m in Sources */,
				EB2F5D241A4C2B0600DBC4AF /* UIStoryboard.swift in Sources */,
				EB2F5D1D1A4B4CE300DBC4AF /* ListItemsTableViewController.swift in Sources */,
				EBF162FD1A3DDE5D0048E37C /* ProductMapper.swift in Sources */,
				EB20FBFA1A5971C20058103B /* InventoryItemMapper.swift in Sources */,
				EB20FBF21A5961360058103B /* CartMenuView.swift in Sources */,
				EB20FBFC1A5972A30058103B /* InventoryProvider.swift in Sources */,
				EB2F5D791A557E2C00DBC4AF /* ListMapper.swift in Sources */,
				EBF162CB1A34B1860048E37C /* CDListItem.swift in Sources */,
				EBF162EB1A3CA2470048E37C /* Product.swift in Sources */,
				EB2F5D5C1A5058E900DBC4AF /* TableViewListItem.swift in Sources */,
				EB2F5D621A50B91200DBC4AF /* AddItemView.swift in Sources */,
				EB2F5D6D1A51C17200DBC4AF /* UIView.swift in Sources */,
				EB2F5D691A50C38B00DBC4AF /* FrozenEffect.swift in Sources */,
				EB4FD4501AC6BE960000F952 /* Globals.swift in Sources */,
				EB2743DB1A3E3ACE00593AB0 /* CDProduct.swift in Sources */,
				EBF162DE1A3C82380048E37C /* DefaultTableViewSection.swift in Sources */,
				EBEEDD691A49C75400FC3B29 /* CDSection.swift in Sources */,
				EB2F5D7B1A55816B00DBC4AF /* PreferencesManager.swift in Sources */,
				EB28C1181A58623E00E1C8BC /* PlainTableViewController.swift in Sources */,
				EBEEDD6B1A49C94F00FC3B29 /* Section.swift in Sources */,
				EB20FC051A599A500058103B /* InventoryViewController.swift in Sources */,
				EBF162F01A3CA3530048E37C /* CDListItemProvider.swift in Sources */,
				EB2F5D771A557AB000DBC4AF /* List.swift in Sources */,
				EB2F5D731A55754400DBC4AF /* PricesView.swift in Sources */,
				EBF163011A3DE6880048E37C /* ItemsListTableViewConstants.swift in Sources */,
				EBEEDD6D1A49C9B100FC3B29 /* SectionMapper.swift in Sources */,
				EBF162ED1A3CA24E0048E37C /* ListItem.swift in Sources */,
				EB2F5D7F1A559C8800DBC4AF /* Constants.swift in Sources */,
				EB2F5D221A4C20E200DBC4AF /* UIViewController.swift in Sources */,
				EB2F5D261A4DE56B00DBC4AF /* DoneViewController.swift in Sources */,
				EB20FC071A599AE20058103B /* InventoryTableViewCell.swift in Sources */,
				EB20FBF61A59701C0058103B /* CDInventoryItem.swift in Sources */,
				EB2F5D5E1A506F5100DBC4AF /* Array.swift in Sources */,
				EBF162FF1A3DDE730048E37C /* ListItemMapper.swift in Sources */,
				EBF162DD1A3C82380048E37C /* DefaultTableViewController.swift in Sources */,
				EBF162E51A3C85A30048E37C /* ListItemCell.swift in Sources */,
				EB1DDEB01A3334EC00D778DE /* ViewController.swift in Sources */,
				EB20FBF81A5971170058103B /* InventoryItem.swift in Sources */,
				EBF162FA1A3CA54F0048E37C /* ListItemProvider.swift in Sources */,
				EB28C1161A5833A200E1C8BC /* NavigationTitleView.swift in Sources */,
				EB2F5D751A5579B200DBC4AF /* CDList.swift in Sources */,
				EBF162F21A3CA3BB0048E37C /* CDProvider.swift in Sources */,
				EBF162F51A3CA4BA0048E37C /* ProviderFactory.swift in Sources */,
				EBF162E01A3C82380048E37C /* TableViewSectionDelegate.swift in Sources */,
				EBF162D91A3C82380048E37C /* DefaultCellIdentifierConstants.swift in Sources */,
				EB2F5D161A4B380900DBC4AF /* ContainerViewController.swift in Sources */,
				EBF162E91A3CA1F00048E37C /* ListItemProviderImpl.swift in Sources */,
				EBF162D81A3C82380048E37C /* CellSpecification.swift in Sources */,
				EB20FBFE1A5972C70058103B /* InventoryProviderImpl.swift in Sources */,
				EBF162E21A3C83D50048E37C /* ListItemsViewSection.swift in Sources */,
				EBF162F71A3CA5030048E37C /* ListItemProviderMock.swift in Sources */,
				EB2F5D6F1A530FBC00DBC4AF /* Float.swift in Sources */,
				EB20FC001A5973330058103B /* CDInventoryProvider.swift in Sources */,
				EB1DDEAB1A3334EC00D778DE /* AppDelegate.swift in Sources */,
				EB2F5D0C1A4AC39A00DBC4AF /* AutosuggestionsTableViewController.swift in Sources */,
				EB1DDEAE1A3334EC00D778DE /* shoppin.xcdatamodeld in Sources */,
			);
			runOnlyForDeploymentPostprocessing = 0;
		};
		EB9F6CDE1A8610550038355B /* Sources */ = {
			isa = PBXSourcesBuildPhase;
			buildActionMask = 2147483647;
			files = (
				EB5567691A8643B800CD3EC6 /* ListItem.swift in Sources */,
				EB55677F1A8658AA00CD3EC6 /* InventoryProviderImpl.swift in Sources */,
				EB5567631A86438100CD3EC6 /* InventoryItemMapper.swift in Sources */,
				EB5567821A8658B700CD3EC6 /* CDInventoryProvider.swift in Sources */,
				EB55675F1A86437400CD3EC6 /* ListItemMapper.swift in Sources */,
				EB55676C1A8643C300CD3EC6 /* InventoryItem.swift in Sources */,
				EB5567661A8643AB00CD3EC6 /* CDSection.swift in Sources */,
				EB55676B1A8643BF00CD3EC6 /* List.swift in Sources */,
				EB9F6CE91A8610550038355B /* ViewController.swift in Sources */,
				EB5567751A864B8100CD3EC6 /* InventoryProvider.swift in Sources */,
				EB5567611A86437B00CD3EC6 /* SectionMapper.swift in Sources */,
				EB5567831A8658BD00CD3EC6 /* ProviderFactory.swift in Sources */,
				EB5567811A8658B400CD3EC6 /* CDListItemProvider.swift in Sources */,
				EB55676D1A8644D400CD3EC6 /* shoppin.xcdatamodeld in Sources */,
				EB5567601A86437800CD3EC6 /* ProductMapper.swift in Sources */,
				EB5567711A864B6E00CD3EC6 /* ListItemProviderMock.swift in Sources */,
				EB5567621A86437E00CD3EC6 /* ListMapper.swift in Sources */,
				EB9F6CE71A8610550038355B /* AppDelegate.swift in Sources */,
				EB5567671A8643AF00CD3EC6 /* CDList.swift in Sources */,
				EB55675D1A86433700CD3EC6 /* Product.swift in Sources */,
				EB5567681A8643B200CD3EC6 /* CDInventoryItem.swift in Sources */,
				EB55677D1A86578400CD3EC6 /* SharedAppDelegate.m in Sources */,
				EB5567651A86438A00CD3EC6 /* CDListItem.swift in Sources */,
				EB4FD44B1AC6B77C0000F952 /* Float.swift in Sources */,
				EB4FD44E1AC6BE390000F952 /* NSTableView.swift in Sources */,
				EB4FD4511AC6BE960000F952 /* Globals.swift in Sources */,
				EB55676A1A8643BC00CD3EC6 /* Section.swift in Sources */,
				EB5567801A8658B000CD3EC6 /* CDProvider.swift in Sources */,
				EB5567641A86438600CD3EC6 /* CDProduct.swift in Sources */,
				EB55675E1A86435B00CD3EC6 /* ListItemProvider.swift in Sources */,
				EB55677E1A8658A600CD3EC6 /* ListItemProviderImpl.swift in Sources */,
			);
			runOnlyForDeploymentPostprocessing = 0;
		};
		EB9F6CEF1A8610550038355B /* Sources */ = {
			isa = PBXSourcesBuildPhase;
			buildActionMask = 2147483647;
			files = (
				EB9F6CFA1A8610550038355B /* shoppin_osxTests.swift in Sources */,
			);
			runOnlyForDeploymentPostprocessing = 0;
		};
/* End PBXSourcesBuildPhase section */

/* Begin PBXTargetDependency section */
		EB9F6CF51A8610550038355B /* PBXTargetDependency */ = {
			isa = PBXTargetDependency;
			target = EB9F6CE11A8610550038355B /* shoppin_osx */;
			targetProxy = EB9F6CF41A8610550038355B /* PBXContainerItemProxy */;
		};
/* End PBXTargetDependency section */

/* Begin PBXVariantGroup section */
		EB1DDEB11A3334EC00D778DE /* Main.storyboard */ = {
			isa = PBXVariantGroup;
			children = (
				EB1DDEB21A3334EC00D778DE /* Base */,
			);
			name = Main.storyboard;
			sourceTree = "<group>";
		};
		EB1DDEB61A3334EC00D778DE /* LaunchScreen.xib */ = {
			isa = PBXVariantGroup;
			children = (
				EB1DDEB71A3334EC00D778DE /* Base */,
			);
			name = LaunchScreen.xib;
			sourceTree = "<group>";
		};
		EB9F6CEC1A8610550038355B /* Main.storyboard */ = {
			isa = PBXVariantGroup;
			children = (
				EB9F6CED1A8610550038355B /* Base */,
			);
			name = Main.storyboard;
			sourceTree = "<group>";
		};
/* End PBXVariantGroup section */

/* Begin XCBuildConfiguration section */
		EB1DDEC51A3334EC00D778DE /* Debug */ = {
			isa = XCBuildConfiguration;
			buildSettings = {
				ALWAYS_SEARCH_USER_PATHS = NO;
				CLANG_CXX_LANGUAGE_STANDARD = "gnu++0x";
				CLANG_CXX_LIBRARY = "libc++";
				CLANG_ENABLE_MODULES = YES;
				CLANG_ENABLE_OBJC_ARC = YES;
				CLANG_WARN_BOOL_CONVERSION = YES;
				CLANG_WARN_CONSTANT_CONVERSION = YES;
				CLANG_WARN_DIRECT_OBJC_ISA_USAGE = YES_ERROR;
				CLANG_WARN_EMPTY_BODY = YES;
				CLANG_WARN_ENUM_CONVERSION = YES;
				CLANG_WARN_INT_CONVERSION = YES;
				CLANG_WARN_OBJC_ROOT_CLASS = YES_ERROR;
				CLANG_WARN_UNREACHABLE_CODE = YES;
				CLANG_WARN__DUPLICATE_METHOD_MATCH = YES;
				"CODE_SIGN_IDENTITY[sdk=iphoneos*]" = "iPhone Developer";
				COPY_PHASE_STRIP = NO;
				ENABLE_STRICT_OBJC_MSGSEND = YES;
				GCC_C_LANGUAGE_STANDARD = gnu99;
				GCC_DYNAMIC_NO_PIC = NO;
				GCC_OPTIMIZATION_LEVEL = 0;
				GCC_PREPROCESSOR_DEFINITIONS = (
					"DEBUG=1",
					"$(inherited)",
				);
				GCC_SYMBOLS_PRIVATE_EXTERN = NO;
				GCC_WARN_64_TO_32_BIT_CONVERSION = YES;
				GCC_WARN_ABOUT_RETURN_TYPE = YES_ERROR;
				GCC_WARN_UNDECLARED_SELECTOR = YES;
				GCC_WARN_UNINITIALIZED_AUTOS = YES_AGGRESSIVE;
				GCC_WARN_UNUSED_FUNCTION = YES;
				GCC_WARN_UNUSED_VARIABLE = YES;
				IPHONEOS_DEPLOYMENT_TARGET = 7.1;
				MTL_ENABLE_DEBUG_INFO = YES;
				ONLY_ACTIVE_ARCH = YES;
				SDKROOT = iphoneos;
				SWIFT_OBJC_BRIDGING_HEADER = "shoppin-Bridging-Header.h";
				SWIFT_OPTIMIZATION_LEVEL = "-Onone";
				TARGETED_DEVICE_FAMILY = "1,2";
			};
			name = Debug;
		};
		EB1DDEC61A3334EC00D778DE /* Release */ = {
			isa = XCBuildConfiguration;
			buildSettings = {
				ALWAYS_SEARCH_USER_PATHS = NO;
				CLANG_CXX_LANGUAGE_STANDARD = "gnu++0x";
				CLANG_CXX_LIBRARY = "libc++";
				CLANG_ENABLE_MODULES = YES;
				CLANG_ENABLE_OBJC_ARC = YES;
				CLANG_WARN_BOOL_CONVERSION = YES;
				CLANG_WARN_CONSTANT_CONVERSION = YES;
				CLANG_WARN_DIRECT_OBJC_ISA_USAGE = YES_ERROR;
				CLANG_WARN_EMPTY_BODY = YES;
				CLANG_WARN_ENUM_CONVERSION = YES;
				CLANG_WARN_INT_CONVERSION = YES;
				CLANG_WARN_OBJC_ROOT_CLASS = YES_ERROR;
				CLANG_WARN_UNREACHABLE_CODE = YES;
				CLANG_WARN__DUPLICATE_METHOD_MATCH = YES;
				"CODE_SIGN_IDENTITY[sdk=iphoneos*]" = "iPhone Developer";
				COPY_PHASE_STRIP = YES;
				ENABLE_NS_ASSERTIONS = NO;
				ENABLE_STRICT_OBJC_MSGSEND = YES;
				GCC_C_LANGUAGE_STANDARD = gnu99;
				GCC_WARN_64_TO_32_BIT_CONVERSION = YES;
				GCC_WARN_ABOUT_RETURN_TYPE = YES_ERROR;
				GCC_WARN_UNDECLARED_SELECTOR = YES;
				GCC_WARN_UNINITIALIZED_AUTOS = YES_AGGRESSIVE;
				GCC_WARN_UNUSED_FUNCTION = YES;
				GCC_WARN_UNUSED_VARIABLE = YES;
				IPHONEOS_DEPLOYMENT_TARGET = 7.1;
				MTL_ENABLE_DEBUG_INFO = NO;
				SDKROOT = iphoneos;
				SWIFT_OBJC_BRIDGING_HEADER = "shoppin-Bridging-Header.h";
				TARGETED_DEVICE_FAMILY = "1,2";
				VALIDATE_PRODUCT = YES;
			};
			name = Release;
		};
		EB1DDEC81A3334EC00D778DE /* Debug */ = {
			isa = XCBuildConfiguration;
			baseConfigurationReference = ED602ABB2DEEE49607500199 /* Pods.debug.xcconfig */;
			buildSettings = {
				ASSETCATALOG_COMPILER_APPICON_NAME = AppIcon;
				CLANG_ENABLE_MODULES = YES;
				CODE_SIGN_ENTITLEMENTS = shoppin/shoppin.entitlements;
				CODE_SIGN_IDENTITY = "iPhone Developer";
				"CODE_SIGN_IDENTITY[sdk=iphoneos*]" = "iPhone Developer";
				INFOPLIST_FILE = shoppin/Info.plist;
				IPHONEOS_DEPLOYMENT_TARGET = 7.1;
				LD_RUNPATH_SEARCH_PATHS = "$(inherited) @executable_path/Frameworks";
				PRODUCT_NAME = "$(TARGET_NAME)";
				PROVISIONING_PROFILE = "";
				SWIFT_OPTIMIZATION_LEVEL = "-Onone";
				TARGETED_DEVICE_FAMILY = 1;
			};
			name = Debug;
		};
		EB1DDEC91A3334EC00D778DE /* Release */ = {
			isa = XCBuildConfiguration;
			baseConfigurationReference = 0B9659E0D762FAD127662146 /* Pods.release.xcconfig */;
			buildSettings = {
				ASSETCATALOG_COMPILER_APPICON_NAME = AppIcon;
				CLANG_ENABLE_MODULES = YES;
				CODE_SIGN_ENTITLEMENTS = shoppin/shoppin.entitlements;
				CODE_SIGN_IDENTITY = "iPhone Developer";
				"CODE_SIGN_IDENTITY[sdk=iphoneos*]" = "iPhone Developer";
				INFOPLIST_FILE = shoppin/Info.plist;
				IPHONEOS_DEPLOYMENT_TARGET = 7.1;
				LD_RUNPATH_SEARCH_PATHS = "$(inherited) @executable_path/Frameworks";
				PRODUCT_NAME = "$(TARGET_NAME)";
				PROVISIONING_PROFILE = "";
				TARGETED_DEVICE_FAMILY = 1;
			};
			name = Release;
		};
		EB9F6CFC1A8610550038355B /* Debug */ = {
			isa = XCBuildConfiguration;
			buildSettings = {
				ASSETCATALOG_COMPILER_APPICON_NAME = AppIcon;
				CODE_SIGN_IDENTITY = "-";
				COMBINE_HIDPI_IMAGES = YES;
				GCC_PREPROCESSOR_DEFINITIONS = (
					"DEBUG=1",
					"$(inherited)",
				);
				INFOPLIST_FILE = shoppin_osx/Info.plist;
				LD_RUNPATH_SEARCH_PATHS = "$(inherited) @executable_path/../Frameworks";
				MACOSX_DEPLOYMENT_TARGET = 10.10;
				PRODUCT_NAME = "$(TARGET_NAME)";
				SDKROOT = macosx;
				SWIFT_OBJC_BRIDGING_HEADER = "shoppin_osx/shoppin-osx-Bridging-Header.h";
			};
			name = Debug;
		};
		EB9F6CFD1A8610550038355B /* Release */ = {
			isa = XCBuildConfiguration;
			buildSettings = {
				ASSETCATALOG_COMPILER_APPICON_NAME = AppIcon;
				CODE_SIGN_IDENTITY = "-";
				COMBINE_HIDPI_IMAGES = YES;
				DEBUG_INFORMATION_FORMAT = "dwarf-with-dsym";
				INFOPLIST_FILE = shoppin_osx/Info.plist;
				LD_RUNPATH_SEARCH_PATHS = "$(inherited) @executable_path/../Frameworks";
				MACOSX_DEPLOYMENT_TARGET = 10.10;
				PRODUCT_NAME = "$(TARGET_NAME)";
				SDKROOT = macosx;
				SWIFT_OBJC_BRIDGING_HEADER = "shoppin_osx/shoppin-osx-Bridging-Header.h";
			};
			name = Release;
		};
		EB9F6CFF1A8610550038355B /* Debug */ = {
			isa = XCBuildConfiguration;
			buildSettings = {
				BUNDLE_LOADER = "$(TEST_HOST)";
				COMBINE_HIDPI_IMAGES = YES;
				FRAMEWORK_SEARCH_PATHS = (
					"$(DEVELOPER_FRAMEWORKS_DIR)",
					"$(inherited)",
				);
				GCC_PREPROCESSOR_DEFINITIONS = (
					"DEBUG=1",
					"$(inherited)",
				);
				INFOPLIST_FILE = shoppin_osxTests/Info.plist;
				LD_RUNPATH_SEARCH_PATHS = "$(inherited) @executable_path/../Frameworks @loader_path/../Frameworks";
				MACOSX_DEPLOYMENT_TARGET = 10.10;
				PRODUCT_NAME = "$(TARGET_NAME)";
				SDKROOT = macosx;
				TEST_HOST = "$(BUILT_PRODUCTS_DIR)/shoppin_osx.app/Contents/MacOS/shoppin_osx";
			};
			name = Debug;
		};
		EB9F6D001A8610550038355B /* Release */ = {
			isa = XCBuildConfiguration;
			buildSettings = {
				BUNDLE_LOADER = "$(TEST_HOST)";
				COMBINE_HIDPI_IMAGES = YES;
				DEBUG_INFORMATION_FORMAT = "dwarf-with-dsym";
				FRAMEWORK_SEARCH_PATHS = (
					"$(DEVELOPER_FRAMEWORKS_DIR)",
					"$(inherited)",
				);
				INFOPLIST_FILE = shoppin_osxTests/Info.plist;
				LD_RUNPATH_SEARCH_PATHS = "$(inherited) @executable_path/../Frameworks @loader_path/../Frameworks";
				MACOSX_DEPLOYMENT_TARGET = 10.10;
				PRODUCT_NAME = "$(TARGET_NAME)";
				SDKROOT = macosx;
				TEST_HOST = "$(BUILT_PRODUCTS_DIR)/shoppin_osx.app/Contents/MacOS/shoppin_osx";
			};
			name = Release;
		};
/* End XCBuildConfiguration section */

/* Begin XCConfigurationList section */
		EB1DDEA01A3334EC00D778DE /* Build configuration list for PBXProject "shoppin" */ = {
			isa = XCConfigurationList;
			buildConfigurations = (
				EB1DDEC51A3334EC00D778DE /* Debug */,
				EB1DDEC61A3334EC00D778DE /* Release */,
			);
			defaultConfigurationIsVisible = 0;
			defaultConfigurationName = Release;
		};
		EB1DDEC71A3334EC00D778DE /* Build configuration list for PBXNativeTarget "shoppin" */ = {
			isa = XCConfigurationList;
			buildConfigurations = (
				EB1DDEC81A3334EC00D778DE /* Debug */,
				EB1DDEC91A3334EC00D778DE /* Release */,
			);
			defaultConfigurationIsVisible = 0;
			defaultConfigurationName = Release;
		};
		EB9F6CFB1A8610550038355B /* Build configuration list for PBXNativeTarget "shoppin_osx" */ = {
			isa = XCConfigurationList;
			buildConfigurations = (
				EB9F6CFC1A8610550038355B /* Debug */,
				EB9F6CFD1A8610550038355B /* Release */,
			);
			defaultConfigurationIsVisible = 0;
			defaultConfigurationName = Release;
		};
		EB9F6CFE1A8610550038355B /* Build configuration list for PBXNativeTarget "shoppin_osxTests" */ = {
			isa = XCConfigurationList;
			buildConfigurations = (
				EB9F6CFF1A8610550038355B /* Debug */,
				EB9F6D001A8610550038355B /* Release */,
			);
			defaultConfigurationIsVisible = 0;
			defaultConfigurationName = Release;
		};
/* End XCConfigurationList section */

/* Begin XCVersionGroup section */
		EB1DDEAC1A3334EC00D778DE /* shoppin.xcdatamodeld */ = {
			isa = XCVersionGroup;
			children = (
				EB1DDEAD1A3334EC00D778DE /* shoppin.xcdatamodel */,
			);
			currentVersion = EB1DDEAD1A3334EC00D778DE /* shoppin.xcdatamodel */;
			path = shoppin.xcdatamodeld;
			sourceTree = "<group>";
			versionGroupType = wrapper.xcdatamodel;
		};
/* End XCVersionGroup section */
	};
	rootObject = EB1DDE9D1A3334EC00D778DE /* Project object */;
}
